Microsoft Visual Studio Solution File, Format Version 8.00
Project("{8BC9CEB8-8B4A-11D0-8D11-00A0C91BC942}") = "Array", "Array.vcproj", "{11B6F2E4-A603-4559-8E64-FFBF9541E238}"
	ProjectSection(ProjectDependencies) = postProject
	EndProjectSection
EndProject
Global
	GlobalSection(SolutionConfiguration) = preSolution
		Release = Release
	EndGlobalSection
	GlobalSection(ProjectConfiguration) = postSolution
		{11B6F2E4-A603-4559-8E64-FFBF9541E238}.Release.ActiveCfg = Release|Win32
		{11B6F2E4-A603-4559-8E64-FFBF9541E238}.Release.Build.0 = Release|Win32
	EndGlobalSection
	GlobalSection(ExtensibilityGlobals) = postSolution
	EndGlobalSection
	GlobalSection(ExtensibilityAddIns) = postSolution
	EndGlobalSection
EndGlobal
