<?xml version="1.0" encoding="utf-8"?>
<Project ToolsVersion="4.0" xmlns="http://schemas.microsoft.com/developer/msbuild/2003">
  <ItemGroup>
    <Filter Include="Source Files">
      <UniqueIdentifier>{c688562e-3d4f-48d5-9d84-242de46c4f72}</UniqueIdentifier>
      <Extensions>cpp;c;cxx;rc;def;r;odl;idl;hpj;bat</Extensions>
    </Filter>
    <Filter Include="Header Files">
      <UniqueIdentifier>{3314091f-d8c7-4d2c-bbda-878ad317f8fb}</UniqueIdentifier>
      <Extensions>h;hpp;hxx;hm;inl</Extensions>
    </Filter>
    <Filter Include="Module SDK">
      <UniqueIdentifier>{6b84df7a-63ce-498e-956b-59783c4b490a}</UniqueIdentifier>
    </Filter>
    <Filter Include="Module SDK\Base SDK">
      <UniqueIdentifier>{bb25b7bf-a54d-448d-998f-a5278f379fe8}</UniqueIdentifier>
    </Filter>
  </ItemGroup>
  <ItemGroup>
    <ClCompile Include="..\CMisc.cpp">
      <Filter>Source Files</Filter>
    </ClCompile>
    <ClCompile Include="..\CRank.cpp">
      <Filter>Source Files</Filter>
    </ClCompile>
    <ClCompile Include="..\moduleconfig.cpp">
      <Filter>Source Files</Filter>
    </ClCompile>
    <ClCompile Include="..\NBase.cpp">
      <Filter>Source Files</Filter>
    </ClCompile>
    <ClCompile Include="..\NRank.cpp">
      <Filter>Source Files</Filter>
    </ClCompile>
    <ClCompile Include="..\usermsg.cpp">
      <Filter>Source Files</Filter>
    </ClCompile>
    <ClCompile Include="..\Utils.cpp">
      <Filter>Source Files</Filter>
    </ClCompile>
    <ClCompile Include="..\..\..\..\public\sdk\amxxmodule.cpp">
      <Filter>Module SDK\Base SDK</Filter>
    </ClCompile>
  </ItemGroup>
  <ItemGroup>
    <ClInclude Include="..\CMisc.h">
      <Filter>Header Files</Filter>
    </ClInclude>
    <ClInclude Include="..\CRank.h">
      <Filter>Header Files</Filter>
    </ClInclude>
    <ClInclude Include="..\tsx.h">
      <Filter>Header Files</Filter>
    </ClInclude>
    <ClInclude Include="..\UserMsg.h">
      <Filter>Header Files</Filter>
    </ClInclude>
    <ClInclude Include="..\..\..\..\public\sdk\amxxmodule.h">
      <Filter>Module SDK\Base SDK</Filter>
    </ClInclude>
    <ClInclude Include="..\moduleconfig.h">
      <Filter>Module SDK</Filter>
    </ClInclude>
  </ItemGroup>
</Project>