<?xml version="1.0" encoding="utf-8"?>
<Project ToolsVersion="4.0" xmlns="http://schemas.microsoft.com/developer/msbuild/2003">
  <ItemGroup>
    <Filter Include="Source Files">
      <UniqueIdentifier>{7b3bf548-685a-4efe-a39e-9a9150707224}</UniqueIdentifier>
      <Extensions>cpp;c;cxx;rc;def;r;odl;idl;hpj;bat</Extensions>
    </Filter>
    <Filter Include="Header Files">
      <UniqueIdentifier>{0d75ff4c-4fee-4555-960e-4c6bef90a583}</UniqueIdentifier>
      <Extensions>h;hpp;hxx;hm;inl</Extensions>
    </Filter>
    <Filter Include="Module SDK">
      <UniqueIdentifier>{3c361b8e-4250-46f4-9a55-2ae9c7cf46bd}</UniqueIdentifier>
    </Filter>
    <Filter Include="Module SDK\SDK Base">
      <UniqueIdentifier>{e54cb8e3-b926-4c43-bb8b-1ccde53f2af3}</UniqueIdentifier>
    </Filter>
    <Filter Include="Pawn Includes">
      <UniqueIdentifier>{d13b95f6-bd1e-4c68-a7f1-57e4f39ffde3}</UniqueIdentifier>
    </Filter>
  </ItemGroup>
  <ItemGroup>
    <ClCompile Include="..\CMisc.cpp">
      <Filter>Source Files</Filter>
    </ClCompile>
    <ClCompile Include="..\CRank.cpp">
      <Filter>Source Files</Filter>
    </ClCompile>
    <ClCompile Include="..\moduleconfig.cpp">
      <Filter>Source Files</Filter>
    </ClCompile>
    <ClCompile Include="..\NBase.cpp">
      <Filter>Source Files</Filter>
    </ClCompile>
    <ClCompile Include="..\NRank.cpp">
      <Filter>Source Files</Filter>
    </ClCompile>
    <ClCompile Include="..\usermsg.cpp">
      <Filter>Source Files</Filter>
    </ClCompile>
    <ClCompile Include="..\Utils.cpp">
      <Filter>Source Files</Filter>
    </ClCompile>
    <ClCompile Include="..\..\..\..\public\sdk\amxxmodule.cpp">
      <Filter>Module SDK\SDK Base</Filter>
    </ClCompile>
  </ItemGroup>
  <ItemGroup>
    <ClInclude Include="..\CMisc.h">
      <Filter>Header Files</Filter>
    </ClInclude>
    <ClInclude Include="..\CRank.h">
      <Filter>Header Files</Filter>
    </ClInclude>
    <ClInclude Include="..\dodx.h">
      <Filter>Header Files</Filter>
    </ClInclude>
    <ClInclude Include="..\moduleconfig.h">
      <Filter>Module SDK</Filter>
    </ClInclude>
    <ClInclude Include="..\..\..\..\public\sdk\amxxmodule.h">
      <Filter>Module SDK\SDK Base</Filter>
    </ClInclude>
  </ItemGroup>
  <ItemGroup>
    <None Include="..\..\..\..\plugins\include\dodconst.inc">
      <Filter>Pawn Includes</Filter>
    </None>
    <None Include="..\..\..\..\plugins\include\dodstats.inc">
      <Filter>Pawn Includes</Filter>
    </None>
    <None Include="..\..\..\..\plugins\include\dodx.inc">
      <Filter>Pawn Includes</Filter>
    </None>
  </ItemGroup>
</Project>