<?xml version="1.0" encoding="utf-8"?>
<Project ToolsVersion="4.0" xmlns="http://schemas.microsoft.com/developer/msbuild/2003">
  <ItemGroup>
    <Filter Include="Hooks">
      <UniqueIdentifier>{0d21fbb8-146c-4b20-b066-62edc14749d4}</UniqueIdentifier>
    </Filter>
    <Filter Include="Hooks\Trampolines">
      <UniqueIdentifier>{ce417f8e-c1e8-44dc-9838-ca41d802f420}</UniqueIdentifier>
    </Filter>
    <Filter Include="Module SDK">
      <UniqueIdentifier>{bba09eb2-251f-40e6-8921-114143fad232}</UniqueIdentifier>
    </Filter>
    <Filter Include="Module SDK\SDK Base">
      <UniqueIdentifier>{4fb419c2-3177-4389-9713-a7b032b57c1c}</UniqueIdentifier>
    </Filter>
    <Filter Include="Config File">
      <UniqueIdentifier>{f626de6a-9bea-468b-97e9-4f5d62307d78}</UniqueIdentifier>
    </Filter>
    <Filter Include="Data Handler">
      <UniqueIdentifier>{1915e746-1906-4cac-bc08-e7fcc5c4b36b}</UniqueIdentifier>
    </Filter>
    <Filter Include="Pawn Includes">
      <UniqueIdentifier>{02bee5ba-ea8c-474f-819f-02e86f937cac}</UniqueIdentifier>
    </Filter>
    <Filter Include="Header Files">
      <UniqueIdentifier>{cc96b3b3-d6ef-4d37-9f33-9717aa162f52}</UniqueIdentifier>
      <Extensions>h;hpp;hxx;hm;inl;inc;xsd</Extensions>
    </Filter>
    <Filter Include="Source Files">
      <UniqueIdentifier>{1f536280-a798-4422-847e-ed6e8df80258}</UniqueIdentifier>
      <Extensions>cpp;c;cxx;def;odl;idl;hpj;bat;asm;asmx</Extensions>
    </Filter>
    <Filter Include="Memtools">
      <UniqueIdentifier>{c26eb07d-14b7-49e9-9122-6b7f5a711ecf}</UniqueIdentifier>
    </Filter>
  </ItemGroup>
  <ItemGroup>
    <ClCompile Include="..\call_funcs.cpp">
      <Filter>Hooks</Filter>
    </ClCompile>
    <ClCompile Include="..\hook_callbacks.cpp">
      <Filter>Hooks</Filter>
    </ClCompile>
    <ClCompile Include="..\hook_create.cpp">
      <Filter>Hooks</Filter>
    </ClCompile>
    <ClCompile Include="..\hook_native.cpp">
      <Filter>Hooks</Filter>
    </ClCompile>
    <ClCompile Include="..\config_parser.cpp">
      <Filter>Config File</Filter>
    </ClCompile>
    <ClCompile Include="..\DataHandler.cpp">
      <Filter>Data Handler</Filter>
    </ClCompile>
    <ClCompile Include="..\pdata.cpp">
      <Filter>Data Handler</Filter>
    </ClCompile>
    <ClCompile Include="..\amxx_api.cpp">
      <Filter>Source Files</Filter>
    </ClCompile>
    <ClCompile Include="..\srvcmd.cpp">
      <Filter>Source Files</Filter>
    </ClCompile>
    <ClCompile Include="..\hook_specialbot.cpp">
      <Filter>Hooks</Filter>
    </ClCompile>
    <ClCompile Include="..\..\..\public\sdk\amxxmodule.cpp">
      <Filter>Module SDK\SDK Base</Filter>
    </ClCompile>
    <ClCompile Include="..\..\..\public\memtools\MemoryUtils.cpp">
      <Filter>Memtools</Filter>
    </ClCompile>
  </ItemGroup>
  <ItemGroup>
    <ClInclude Include="..\call_funcs.h">
      <Filter>Hooks</Filter>
    </ClInclude>
    <ClInclude Include="..\forward.h">
      <Filter>Hooks</Filter>
    </ClInclude>
    <ClInclude Include="..\hook.h">
      <Filter>Hooks</Filter>
    </ClInclude>
    <ClInclude Include="..\hook_callbacks.h">
      <Filter>Hooks</Filter>
    </ClInclude>
    <ClInclude Include="..\hook_create.h">
      <Filter>Hooks</Filter>
    </ClInclude>
    <ClInclude Include="..\hooklist.h">
      <Filter>Hooks</Filter>
    </ClInclude>
    <ClInclude Include="..\typetocell.h">
      <Filter>Hooks</Filter>
    </ClInclude>
    <ClInclude Include="..\Trampolines.h">
      <Filter>Hooks\Trampolines</Filter>
    </ClInclude>
    <ClInclude Include="..\DataHandler.h">
      <Filter>Data Handler</Filter>
    </ClInclude>
    <ClInclude Include="..\ham_const.h">
      <Filter>Header Files</Filter>
    </ClInclude>
    <ClInclude Include="..\ham_utils.h">
      <Filter>Header Files</Filter>
    </ClInclude>
    <ClInclude Include="..\hook_specialbot.h">
      <Filter>Hooks</Filter>
    </ClInclude>
    <ClInclude Include="..\..\..\public\sdk\amxxmodule.h">
      <Filter>Module SDK\SDK Base</Filter>
    </ClInclude>
    <ClInclude Include="..\moduleconfig.h">
      <Filter>Module SDK</Filter>
    </ClInclude>
    <ClInclude Include="..\..\..\public\HLTypeConversion.h">
      <Filter>Header Files</Filter>
    </ClInclude>
    <ClInclude Include="..\..\..\public\memtools\MemoryUtils.h">
      <Filter>Memtools</Filter>
    </ClInclude>
  </ItemGroup>
  <ItemGroup>
    <None Include="..\..\..\plugins\include\ham_const.inc">
      <Filter>Pawn Includes</Filter>
    </None>
    <None Include="..\..\..\plugins\include\hamsandwich.inc">
      <Filter>Pawn Includes</Filter>
    </None>
  </ItemGroup>
</Project>