
Microsoft Visual Studio Solution File, Format Version 9.00
# Visual C++ Express 2005
Project("{8BC9CEB8-8B4A-11D0-8D11-00A0C91BC942}") = "Hello_World", "Hello_World.vcproj", "{A6E5B144-7439-4F23-A679-B6E8B42B606E}"
EndProject
Global
	GlobalSection(SolutionConfigurationPlatforms) = preSolution
		Debug|Win32 = Debug|Win32
		Release|Win32 = Release|Win32
	EndGlobalSection
	GlobalSection(ProjectConfigurationPlatforms) = postSolution
		{A6E5B144-7439-4F23-A679-B6E8B42B606E}.Debug|Win32.ActiveCfg = Debug|Win32
		{A6E5B144-7439-4F23-A679-B6E8B42B606E}.Debug|Win32.Build.0 = Debug|Win32
		{A6E5B144-7439-4F23-A679-B6E8B42B606E}.Release|Win32.ActiveCfg = Release|Win32
		{A6E5B144-7439-4F23-A679-B6E8B42B606E}.Release|Win32.Build.0 = Release|Win32
	EndGlobalSection
	GlobalSection(SolutionProperties) = preSolution
		HideSolutionNode = FALSE
	EndGlobalSection
EndGlobal
