Microsoft Visual Studio Solution File, Format Version 8.00
Project("{8BC9CEB8-8B4A-11D0-8D11-00A0C91BC942}") = "tsx_amxx", "tsx_amxx.vcproj", "{7F18E00C-6271-4CAB-B18A-746BE3EC68E7}"
	ProjectSection(ProjectDependencies) = postProject
	EndProjectSection
EndProject
Global
	GlobalSection(SolutionConfiguration) = preSolution
		Debug = Debug
		Release = Release
	EndGlobalSection
	GlobalSection(ProjectDependencies) = postSolution
	EndGlobalSection
	GlobalSection(ProjectConfiguration) = postSolution
		{7F18E00C-6271-4CAB-B18A-746BE3EC68E7}.Debug.ActiveCfg = Debug|Win32
		{7F18E00C-6271-4CAB-B18A-746BE3EC68E7}.Debug.Build.0 = Debug|Win32
		{7F18E00C-6271-4CAB-B18A-746BE3EC68E7}.Release.ActiveCfg = Release|Win32
		{7F18E00C-6271-4CAB-B18A-746BE3EC68E7}.Release.Build.0 = Release|Win32
	EndGlobalSection
	GlobalSection(ExtensibilityGlobals) = postSolution
	EndGlobalSection
	GlobalSection(ExtensibilityAddIns) = postSolution
	EndGlobalSection
EndGlobal
