Microsoft Visual Studio Solution File, Format Version 9.00
# Visual Studio 2005
Project("{8BC9CEB8-8B4A-11D0-8D11-00A0C91BC942}") = "amxmodx", "amxmodx_mm.vcproj", "{2BF64D1A-AC89-41B0-9D02-FB8CB610F850}"
EndProject
Global
	GlobalSection(SolutionConfigurationPlatforms) = preSolution
		Debug|Win32 = Debug|Win32
		JITDebug|Win32 = JITDebug|Win32
		JITMemtestRelease|Win32 = JITMemtestRelease|Win32
		JITRelease|Win32 = JITRelease|Win32
		MaximalSpeed|Win32 = MaximalSpeed|Win32
		MemtestDebug|Win32 = MemtestDebug|Win32
		MemtestRelease|Win32 = MemtestRelease|Win32
		Release|Win32 = Release|Win32
	EndGlobalSection
	GlobalSection(ProjectConfigurationPlatforms) = postSolution
		{2BF64D1A-AC89-41B0-9D02-FB8CB610F850}.Debug|Win32.ActiveCfg = Debug|Win32
		{2BF64D1A-AC89-41B0-9D02-FB8CB610F850}.Debug|Win32.Build.0 = Debug|Win32
		{2BF64D1A-AC89-41B0-9D02-FB8CB610F850}.JITDebug|Win32.ActiveCfg = JITDebug|Win32
		{2BF64D1A-AC89-41B0-9D02-FB8CB610F850}.JITDebug|Win32.Build.0 = JITDebug|Win32
		{2BF64D1A-AC89-41B0-9D02-FB8CB610F850}.JITMemtestRelease|Win32.ActiveCfg = JITMemtestRelease|Win32
		{2BF64D1A-AC89-41B0-9D02-FB8CB610F850}.JITMemtestRelease|Win32.Build.0 = JITMemtestRelease|Win32
		{2BF64D1A-AC89-41B0-9D02-FB8CB610F850}.JITRelease|Win32.ActiveCfg = JITRelease|Win32
		{2BF64D1A-AC89-41B0-9D02-FB8CB610F850}.JITRelease|Win32.Build.0 = JITRelease|Win32
		{2BF64D1A-AC89-41B0-9D02-FB8CB610F850}.MaximalSpeed|Win32.ActiveCfg = MaximalSpeed|Win32
		{2BF64D1A-AC89-41B0-9D02-FB8CB610F850}.MaximalSpeed|Win32.Build.0 = MaximalSpeed|Win32
		{2BF64D1A-AC89-41B0-9D02-FB8CB610F850}.MemtestDebug|Win32.ActiveCfg = MemtestDebug|Win32
		{2BF64D1A-AC89-41B0-9D02-FB8CB610F850}.MemtestDebug|Win32.Build.0 = MemtestDebug|Win32
		{2BF64D1A-AC89-41B0-9D02-FB8CB610F850}.MemtestRelease|Win32.ActiveCfg = MemtestRelease|Win32
		{2BF64D1A-AC89-41B0-9D02-FB8CB610F850}.MemtestRelease|Win32.Build.0 = MemtestRelease|Win32
		{2BF64D1A-AC89-41B0-9D02-FB8CB610F850}.Release|Win32.ActiveCfg = Release|Win32
		{2BF64D1A-AC89-41B0-9D02-FB8CB610F850}.Release|Win32.Build.0 = Release|Win32
	EndGlobalSection
	GlobalSection(SolutionProperties) = preSolution
		HideSolutionNode = FALSE
	EndGlobalSection
EndGlobal
