<?xml version="1.0" encoding="utf-8"?>
<Project ToolsVersion="4.0" xmlns="http://schemas.microsoft.com/developer/msbuild/2003">
  <ItemGroup>
    <Filter Include="Source Files">
      <UniqueIdentifier>{0d31fe96-c452-4d62-8c7c-0f0f8d69efa8}</UniqueIdentifier>
      <Extensions>cpp;c;cxx;rc;def;r;odl;idl;hpj;bat</Extensions>
    </Filter>
    <Filter Include="Header Files">
      <UniqueIdentifier>{6e1c49c6-6432-4873-bb9a-9d30996955b2}</UniqueIdentifier>
      <Extensions>h;hpp;hxx;hm;inl</Extensions>
    </Filter>
    <Filter Include="Resource Files">
      <UniqueIdentifier>{721333c3-98b9-4888-a3ec-637a2bd46091}</UniqueIdentifier>
      <Extensions>rc</Extensions>
    </Filter>
    <Filter Include="Assembly">
      <UniqueIdentifier>{e347f4b5-ec94-43d6-b45b-85ab3f146a45}</UniqueIdentifier>
    </Filter>
    <Filter Include="Assembly\Builds">
      <UniqueIdentifier>{1cec296a-ddcc-44da-97c4-2a4d0f4d6fc7}</UniqueIdentifier>
    </Filter>
    <Filter Include="SDK">
      <UniqueIdentifier>{bbfaec3e-7d17-45ea-8b84-093fa5714022}</UniqueIdentifier>
    </Filter>
    <Filter Include="Pawn Includes">
      <UniqueIdentifier>{4022451d-eb5f-4f14-b8d8-2ce23fec6e59}</UniqueIdentifier>
    </Filter>
    <Filter Include="Memtools">
      <UniqueIdentifier>{a1f7babf-acb1-4a06-92e9-e8a411e1f02a}</UniqueIdentifier>
    </Filter>
    <Filter Include="Memtools\CDetour">
      <UniqueIdentifier>{8b35d490-2b01-4997-ba02-5e2cfd9c9017}</UniqueIdentifier>
    </Filter>
    <Filter Include="Memtools\CDetour\asm">
      <UniqueIdentifier>{64a22cd4-3715-45de-8af2-e54017733be6}</UniqueIdentifier>
    </Filter>
    <Filter Include="Third Party">
      <UniqueIdentifier>{080705f5-5e95-4251-a521-e1671b60a989}</UniqueIdentifier>
    </Filter>
    <Filter Include="Third Party\Zlib">
      <UniqueIdentifier>{7cc6a54c-6244-43e9-85ac-c2fb76bd92bc}</UniqueIdentifier>
    </Filter>
    <Filter Include="Third Party\Hashing">
      <UniqueIdentifier>{06763df9-3070-414e-b666-080b079f4319}</UniqueIdentifier>
    </Filter>
    <Filter Include="Third Party\Hashing\hashers">
      <UniqueIdentifier>{fb5fd616-bb2e-42f1-a113-a61eb9ead739}</UniqueIdentifier>
    </Filter>
  </ItemGroup>
  <ItemGroup>
    <ClCompile Include="..\amx.cpp">
      <Filter>Source Files</Filter>
    </ClCompile>
    <ClCompile Include="..\amxcore.cpp">
      <Filter>Source Files</Filter>
    </ClCompile>
    <ClCompile Include="..\amxdbg.cpp">
      <Filter>Source Files</Filter>
    </ClCompile>
    <ClCompile Include="..\amxmodx.cpp">
      <Filter>Source Files</Filter>
    </ClCompile>
    <ClCompile Include="..\amxtime.cpp">
      <Filter>Source Files</Filter>
    </ClCompile>
    <ClCompile Include="..\amxxfile.cpp">
      <Filter>Source Files</Filter>
    </ClCompile>
    <ClCompile Include="..\amxxlog.cpp">
      <Filter>Source Files</Filter>
    </ClCompile>
    <ClCompile Include="..\binlog.cpp">
      <Filter>Source Files</Filter>
    </ClCompile>
    <ClCompile Include="..\CCmd.cpp">
      <Filter>Source Files</Filter>
    </ClCompile>
    <ClCompile Include="..\CEvent.cpp">
      <Filter>Source Files</Filter>
    </ClCompile>
    <ClCompile Include="..\CFlagManager.cpp">
      <Filter>Source Files</Filter>
    </ClCompile>
    <ClCompile Include="..\CForward.cpp">
      <Filter>Source Files</Filter>
    </ClCompile>
    <ClCompile Include="..\CLang.cpp">
      <Filter>Source Files</Filter>
    </ClCompile>
    <ClCompile Include="..\CLogEvent.cpp">
      <Filter>Source Files</Filter>
    </ClCompile>
    <ClCompile Include="..\CMenu.cpp">
      <Filter>Source Files</Filter>
    </ClCompile>
    <ClCompile Include="..\CMisc.cpp">
      <Filter>Source Files</Filter>
    </ClCompile>
    <ClCompile Include="..\CModule.cpp">
      <Filter>Source Files</Filter>
    </ClCompile>
    <ClCompile Include="..\CTask.cpp">
      <Filter>Source Files</Filter>
    </ClCompile>
    <ClCompile Include="..\CVault.cpp">
      <Filter>Source Files</Filter>
    </ClCompile>
    <ClCompile Include="..\debugger.cpp">
      <Filter>Source Files</Filter>
    </ClCompile>
    <ClCompile Include="..\emsg.cpp">
      <Filter>Source Files</Filter>
    </ClCompile>
    <ClCompile Include="..\fakemeta.cpp">
      <Filter>Source Files</Filter>
    </ClCompile>
    <ClCompile Include="..\file.cpp">
      <Filter>Source Files</Filter>
    </ClCompile>
    <ClCompile Include="..\float.cpp">
      <Filter>Source Files</Filter>
    </ClCompile>
    <ClCompile Include="..\format.cpp">
      <Filter>Source Files</Filter>
    </ClCompile>
    <ClCompile Include="..\libraries.cpp">
      <Filter>Source Files</Filter>
    </ClCompile>
    <ClCompile Include="..\messages.cpp">
      <Filter>Source Files</Filter>
    </ClCompile>
    <ClCompile Include="..\meta_api.cpp">
      <Filter>Source Files</Filter>
    </ClCompile>
    <ClCompile Include="..\modules.cpp">
      <Filter>Source Files</Filter>
    </ClCompile>
    <ClCompile Include="..\natives.cpp">
      <Filter>Source Files</Filter>
    </ClCompile>
    <ClCompile Include="..\newmenus.cpp">
      <Filter>Source Files</Filter>
    </ClCompile>
    <ClCompile Include="..\nongpl_matches.cpp">
      <Filter>Source Files</Filter>
    </ClCompile>
    <ClCompile Include="..\optimizer.cpp">
      <Filter>Source Files</Filter>
    </ClCompile>
    <ClCompile Include="..\power.cpp">
      <Filter>Source Files</Filter>
    </ClCompile>
    <ClCompile Include="..\sorting.cpp">
      <Filter>Source Files</Filter>
    </ClCompile>
    <ClCompile Include="..\srvcmd.cpp">
      <Filter>Source Files</Filter>
    </ClCompile>
    <ClCompile Include="..\string.cpp">
      <Filter>Source Files</Filter>
    </ClCompile>
    <ClCompile Include="..\strptime.cpp">
      <Filter>Source Files</Filter>
    </ClCompile>
    <ClCompile Include="..\trie_natives.cpp">
      <Filter>Source Files</Filter>
    </ClCompile>
    <ClCompile Include="..\util.cpp">
      <Filter>Source Files</Filter>
    </ClCompile>
    <ClCompile Include="..\vault.cpp">
      <Filter>Source Files</Filter>
    </ClCompile>
    <ClCompile Include="..\vector.cpp">
      <Filter>Source Files</Filter>
    </ClCompile>
    <ClCompile Include="..\datastructs.cpp">
      <Filter>Source Files</Filter>
    </ClCompile>
    <ClCompile Include="..\CDataPack.cpp">
      <Filter>Source Files</Filter>
    </ClCompile>
    <ClCompile Include="..\datapacks.cpp">
      <Filter>Source Files</Filter>
    </ClCompile>
    <ClCompile Include="..\stackstructs.cpp">
      <Filter>Source Files</Filter>
    </ClCompile>
    <ClCompile Include="..\CTextParsers.cpp">
      <Filter>Source Files</Filter>
    </ClCompile>
    <ClCompile Include="..\textparse.cpp">
      <Filter>Source Files</Filter>
    </ClCompile>
    <ClCompile Include="..\..\public\sdk\amxxmodule.cpp">
      <Filter>SDK</Filter>
    </ClCompile>
    <ClCompile Include="..\..\public\memtools\CDetour\detours.cpp">
      <Filter>Memtools\CDetour</Filter>
    </ClCompile>
    <ClCompile Include="..\..\public\memtools\CDetour\asm\asm.c">
      <Filter>Memtools\CDetour\asm</Filter>
    </ClCompile>
    <ClCompile Include="..\CvarManager.cpp">
      <Filter>Source Files</Filter>
    </ClCompile>
    <ClCompile Include="..\cvars.cpp">
      <Filter>Source Files</Filter>
    </ClCompile>
    <ClCompile Include="..\..\third_party\zlib\adler32.c">
      <Filter>Third Party\Zlib</Filter>
    </ClCompile>
    <ClCompile Include="..\..\third_party\zlib\compress.c">
      <Filter>Third Party\Zlib</Filter>
    </ClCompile>
    <ClCompile Include="..\..\third_party\zlib\crc32.c">
      <Filter>Third Party\Zlib</Filter>
    </ClCompile>
    <ClCompile Include="..\..\third_party\zlib\deflate.c">
      <Filter>Third Party\Zlib</Filter>
    </ClCompile>
    <ClCompile Include="..\..\third_party\zlib\gzclose.c">
      <Filter>Third Party\Zlib</Filter>
    </ClCompile>
    <ClCompile Include="..\..\third_party\zlib\gzlib.c">
      <Filter>Third Party\Zlib</Filter>
    </ClCompile>
    <ClCompile Include="..\..\third_party\zlib\gzread.c">
      <Filter>Third Party\Zlib</Filter>
    </ClCompile>
    <ClCompile Include="..\..\third_party\zlib\gzwrite.c">
      <Filter>Third Party\Zlib</Filter>
    </ClCompile>
    <ClCompile Include="..\..\third_party\zlib\infback.c">
      <Filter>Third Party\Zlib</Filter>
    </ClCompile>
    <ClCompile Include="..\..\third_party\zlib\inffast.c">
      <Filter>Third Party\Zlib</Filter>
    </ClCompile>
    <ClCompile Include="..\..\third_party\zlib\inflate.c">
      <Filter>Third Party\Zlib</Filter>
    </ClCompile>
    <ClCompile Include="..\..\third_party\zlib\inftrees.c">
      <Filter>Third Party\Zlib</Filter>
    </ClCompile>
    <ClCompile Include="..\..\third_party\zlib\trees.c">
      <Filter>Third Party\Zlib</Filter>
    </ClCompile>
    <ClCompile Include="..\..\third_party\zlib\uncompr.c">
      <Filter>Third Party\Zlib</Filter>
    </ClCompile>
    <ClCompile Include="..\..\third_party\zlib\zutil.c">
      <Filter>Third Party\Zlib</Filter>
    </ClCompile>
    <ClCompile Include="..\..\third_party\hashing\hashing.cpp">
      <Filter>Third Party\Hashing</Filter>
    </ClCompile>
    <ClCompile Include="..\..\third_party\hashing\hashers\crc32.cpp">
      <Filter>Third Party\Hashing\hashers</Filter>
    </ClCompile>
    <ClCompile Include="..\..\third_party\hashing\hashers\keccak.cpp">
      <Filter>Third Party\Hashing\hashers</Filter>
    </ClCompile>
    <ClCompile Include="..\..\third_party\hashing\hashers\md5.cpp">
      <Filter>Third Party\Hashing\hashers</Filter>
    </ClCompile>
    <ClCompile Include="..\..\third_party\hashing\hashers\sha1.cpp">
      <Filter>Third Party\Hashing\hashers</Filter>
    </ClCompile>
    <ClCompile Include="..\..\third_party\hashing\hashers\sha3.cpp">
      <Filter>Third Party\Hashing\hashers</Filter>
    </ClCompile>
    <ClCompile Include="..\..\third_party\hashing\hashers\sha256.cpp">
      <Filter>Third Party\Hashing\hashers</Filter>
    </ClCompile>
    <ClCompile Include="..\CPlugin.cpp">
      <Filter>Source Files</Filter>
    </ClCompile>
    <ClCompile Include="..\CLibrarySys.cpp">
      <Filter>Source Files</Filter>
    </ClCompile>
    <ClCompile Include="..\CGameConfigs.cpp">
      <Filter>Source Files</Filter>
    </ClCompile>
    <ClCompile Include="..\..\public\memtools\MemoryUtils.cpp">
      <Filter>Memtools</Filter>
    </ClCompile>
    <ClCompile Include="..\gameconfigs.cpp">
      <Filter>Source Files</Filter>
    </ClCompile>
    <ClCompile Include="..\CoreConfig.cpp">
      <Filter>Source Files</Filter>
    </ClCompile>
  </ItemGroup>
  <ItemGroup>
    <ClInclude Include="..\amx.h">
      <Filter>Header Files</Filter>
    </ClInclude>
    <ClInclude Include="..\amxdbg.h">
      <Filter>Header Files</Filter>
    </ClInclude>
    <ClInclude Include="..\amxmodx.h">
      <Filter>Header Files</Filter>
    </ClInclude>
    <ClInclude Include="..\amxxfile.h">
      <Filter>Header Files</Filter>
    </ClInclude>
    <ClInclude Include="..\amxxlog.h">
      <Filter>Header Files</Filter>
    </ClInclude>
    <ClInclude Include="..\binlog.h">
      <Filter>Header Files</Filter>
    </ClInclude>
    <ClInclude Include="..\CCmd.h">
      <Filter>Header Files</Filter>
    </ClInclude>
    <ClInclude Include="..\CEvent.h">
      <Filter>Header Files</Filter>
    </ClInclude>
    <ClInclude Include="..\CFlagManager.h">
      <Filter>Header Files</Filter>
    </ClInclude>
    <ClInclude Include="..\CForward.h">
      <Filter>Header Files</Filter>
    </ClInclude>
    <ClInclude Include="..\CLang.h">
      <Filter>Header Files</Filter>
    </ClInclude>
    <ClInclude Include="..\CList.h">
      <Filter>Header Files</Filter>
    </ClInclude>
    <ClInclude Include="..\CLogEvent.h">
      <Filter>Header Files</Filter>
    </ClInclude>
    <ClInclude Include="..\CMenu.h">
      <Filter>Header Files</Filter>
    </ClInclude>
    <ClInclude Include="..\CMisc.h">
      <Filter>Header Files</Filter>
    </ClInclude>
    <ClInclude Include="..\CModule.h">
      <Filter>Header Files</Filter>
    </ClInclude>
    <ClInclude Include="..\CPlugin.h">
      <Filter>Header Files</Filter>
    </ClInclude>
    <ClInclude Include="..\CQueue.h">
      <Filter>Header Files</Filter>
    </ClInclude>
    <ClInclude Include="..\CTask.h">
      <Filter>Header Files</Filter>
    </ClInclude>
    <ClInclude Include="..\CVault.h">
      <Filter>Header Files</Filter>
    </ClInclude>
    <ClInclude Include="..\datastructs.h">
      <Filter>Header Files</Filter>
    </ClInclude>
    <ClInclude Include="..\debugger.h">
      <Filter>Header Files</Filter>
    </ClInclude>
    <ClInclude Include="..\fakemeta.h">
      <Filter>Header Files</Filter>
    </ClInclude>
    <ClInclude Include="..\format.h">
      <Filter>Header Files</Filter>
    </ClInclude>
    <ClInclude Include="..\libraries.h">
      <Filter>Header Files</Filter>
    </ClInclude>
    <ClInclude Include="..\messages.h">
      <Filter>Header Files</Filter>
    </ClInclude>
    <ClInclude Include="..\modules.h">
      <Filter>Header Files</Filter>
    </ClInclude>
    <ClInclude Include="..\natives.h">
      <Filter>Header Files</Filter>
    </ClInclude>
    <ClInclude Include="..\newmenus.h">
      <Filter>Header Files</Filter>
    </ClInclude>
    <ClInclude Include="..\nongpl_matches.h">
      <Filter>Header Files</Filter>
    </ClInclude>
    <ClInclude Include="..\optimizer.h">
      <Filter>Header Files</Filter>
    </ClInclude>
    <ClInclude Include="..\sh_list.h">
      <Filter>Header Files</Filter>
    </ClInclude>
    <ClInclude Include="..\sh_stack.h">
      <Filter>Header Files</Filter>
    </ClInclude>
    <ClInclude Include="..\sh_tinyhash.h">
      <Filter>Header Files</Filter>
    </ClInclude>
    <ClInclude Include="..\trie_natives.h">
      <Filter>Header Files</Filter>
    </ClInclude>
    <ClInclude Include="..\CDataPack.h">
      <Filter>Header Files</Filter>
    </ClInclude>
    <ClInclude Include="..\CTextParsers.h">
      <Filter>Header Files</Filter>
    </ClInclude>
    <ClInclude Include="..\textparse.h">
      <Filter>Header Files</Filter>
    </ClInclude>
    <ClInclude Include="..\..\public\sdk\amxxmodule.h">
      <Filter>SDK</Filter>
    </ClInclude>
    <ClInclude Include="..\..\public\sdk\moduleconfig.h">
      <Filter>SDK</Filter>
    </ClInclude>
    <ClInclude Include="..\..\public\memtools\CDetour\detourhelpers.h">
      <Filter>Memtools\CDetour</Filter>
    </ClInclude>
    <ClInclude Include="..\..\public\memtools\CDetour\detours.h">
      <Filter>Memtools\CDetour</Filter>
    </ClInclude>
    <ClInclude Include="..\..\public\memtools\CDetour\asm\asm.h">
      <Filter>Memtools\CDetour\asm</Filter>
    </ClInclude>
    <ClInclude Include="..\CvarManager.h">
      <Filter>Header Files</Filter>
    </ClInclude>
    <ClInclude Include="..\..\third_party\zlib\crc32.h">
      <Filter>Third Party\Zlib</Filter>
    </ClInclude>
    <ClInclude Include="..\..\third_party\zlib\deflate.h">
      <Filter>Third Party\Zlib</Filter>
    </ClInclude>
    <ClInclude Include="..\..\third_party\zlib\gzguts.h">
      <Filter>Third Party\Zlib</Filter>
    </ClInclude>
    <ClInclude Include="..\..\third_party\zlib\inffast.h">
      <Filter>Third Party\Zlib</Filter>
    </ClInclude>
    <ClInclude Include="..\..\third_party\zlib\inffixed.h">
      <Filter>Third Party\Zlib</Filter>
    </ClInclude>
    <ClInclude Include="..\..\third_party\zlib\inflate.h">
      <Filter>Third Party\Zlib</Filter>
    </ClInclude>
    <ClInclude Include="..\..\third_party\zlib\inftrees.h">
      <Filter>Third Party\Zlib</Filter>
    </ClInclude>
    <ClInclude Include="..\..\third_party\zlib\trees.h">
      <Filter>Third Party\Zlib</Filter>
    </ClInclude>
    <ClInclude Include="..\..\third_party\zlib\zconf.h">
      <Filter>Third Party\Zlib</Filter>
    </ClInclude>
    <ClInclude Include="..\..\third_party\zlib\zlib.h">
      <Filter>Third Party\Zlib</Filter>
    </ClInclude>
    <ClInclude Include="..\..\third_party\zlib\zutil.h">
      <Filter>Third Party\Zlib</Filter>
    </ClInclude>
    <ClInclude Include="..\..\third_party\hashing\hashing.h">
      <Filter>Third Party\Hashing</Filter>
    </ClInclude>
    <ClInclude Include="..\..\third_party\hashing\hashers\crc32.h">
      <Filter>Third Party\Hashing\hashers</Filter>
    </ClInclude>
    <ClInclude Include="..\..\third_party\hashing\hashers\keccak.h">
      <Filter>Third Party\Hashing\hashers</Filter>
    </ClInclude>
    <ClInclude Include="..\..\third_party\hashing\hashers\md5.h">
      <Filter>Third Party\Hashing\hashers</Filter>
    </ClInclude>
    <ClInclude Include="..\..\third_party\hashing\hashers\sha1.h">
      <Filter>Third Party\Hashing\hashers</Filter>
    </ClInclude>
    <ClInclude Include="..\..\third_party\hashing\hashers\sha3.h">
      <Filter>Third Party\Hashing\hashers</Filter>
    </ClInclude>
    <ClInclude Include="..\..\third_party\hashing\hashers\sha256.h">
      <Filter>Third Party\Hashing\hashers</Filter>
    </ClInclude>
    <ClInclude Include="..\CFileSystem.h">
      <Filter>Header Files</Filter>
    </ClInclude>
    <ClInclude Include="..\CLibrarySys.h">
      <Filter>Header Files</Filter>
    </ClInclude>
    <ClInclude Include="..\CGameConfigs.h">
      <Filter>Header Files</Filter>
    </ClInclude>
    <ClInclude Include="..\..\public\memtools\MemoryUtils.h">
      <Filter>Memtools</Filter>
    </ClInclude>
    <ClInclude Include="..\natives_handles.h">
      <Filter>Header Files</Filter>
    </ClInclude>
    <ClInclude Include="..\gameconfigs.h">
      <Filter>Header Files</Filter>
    </ClInclude>
    <ClInclude Include="..\CoreConfig.h">
      <Filter>Header Files</Filter>
    </ClInclude>
  </ItemGroup>
  <ItemGroup>
    <ResourceCompile Include="..\version.rc">
      <Filter>Resource Files</Filter>
    </ResourceCompile>
  </ItemGroup>
  <ItemGroup>
    <None Include="..\amxdefn.asm">
      <Filter>Assembly</Filter>
    </None>
    <None Include="..\amxexecn.asm">
      <Filter>Assembly</Filter>
    </None>
    <None Include="..\amxjitsn.asm">
      <Filter>Assembly</Filter>
    </None>
    <None Include="..\helpers-x86.asm">
      <Filter>Assembly</Filter>
    </None>
    <None Include="..\natives-amd64.asm">
      <Filter>Assembly</Filter>
    </None>
    <None Include="..\natives-x86.asm">
      <Filter>Assembly</Filter>
    </None>
    <None Include="..\..\plugins\include\amxconst.inc">
      <Filter>Pawn Includes</Filter>
    </None>
    <None Include="..\..\plugins\include\amxmisc.inc">
      <Filter>Pawn Includes</Filter>
    </None>
    <None Include="..\..\plugins\include\amxmodx.inc">
      <Filter>Pawn Includes</Filter>
    </None>
    <None Include="..\..\plugins\include\amxmodx_version.inc">
      <Filter>Pawn Includes</Filter>
    </None>
    <None Include="..\..\plugins\include\core.inc">
      <Filter>Pawn Includes</Filter>
    </None>
    <None Include="..\..\plugins\include\file.inc">
      <Filter>Pawn Includes</Filter>
    </None>
    <None Include="..\..\plugins\include\float.inc">
      <Filter>Pawn Includes</Filter>
    </None>
    <None Include="..\..\plugins\include\lang.inc">
      <Filter>Pawn Includes</Filter>
    </None>
    <None Include="..\..\plugins\include\message_const.inc">
      <Filter>Pawn Includes</Filter>
    </None>
    <None Include="..\..\plugins\include\message_stocks.inc">
      <Filter>Pawn Includes</Filter>
    </None>
    <None Include="..\..\plugins\include\messages.inc">
      <Filter>Pawn Includes</Filter>
    </None>
    <None Include="..\..\plugins\include\sorting.inc">
      <Filter>Pawn Includes</Filter>
    </None>
    <None Include="..\..\plugins\include\string.inc">
      <Filter>Pawn Includes</Filter>
    </None>
    <None Include="..\..\plugins\include\time.inc">
      <Filter>Pawn Includes</Filter>
    </None>
    <None Include="..\..\plugins\include\vault.inc">
      <Filter>Pawn Includes</Filter>
    </None>
    <None Include="..\..\plugins\include\vector.inc">
      <Filter>Pawn Includes</Filter>
    </None>
    <None Include="..\..\plugins\include\xs.inc">
      <Filter>Pawn Includes</Filter>
    </None>
    <None Include="..\..\plugins\include\cellarray.inc">
      <Filter>Pawn Includes</Filter>
    </None>
    <None Include="..\..\plugins\include\celltrie.inc">
      <Filter>Pawn Includes</Filter>
    </None>
    <None Include="..\..\plugins\include\datapack.inc">
      <Filter>Pawn Includes</Filter>
    </None>
    <None Include="..\..\plugins\include\cellstack.inc">
      <Filter>Pawn Includes</Filter>
    </None>
    <None Include="..\..\plugins\include\textparse_ini.inc">
      <Filter>Pawn Includes</Filter>
    </None>
    <None Include="..\..\plugins\include\textparse_smc.inc">
      <Filter>Pawn Includes</Filter>
    </None>
    <None Include="..\..\plugins\include\cvars.inc">
      <Filter>Pawn Includes</Filter>
    </None>
    <None Include="..\..\plugins\include\gameconfig.inc">
      <Filter>Pawn Includes</Filter>
    </None>
    <None Include="..\..\plugins\include\cstrike_const.inc">
      <Filter>Pawn Includes</Filter>
    </None>
  </ItemGroup>
  <ItemGroup>
    <Object Include="..\Jit\helpers-x86.obj">
      <Filter>Assembly\Builds</Filter>
    </Object>
  </ItemGroup>
</Project>