<?xml version="1.0" encoding="utf-8"?>
<Project ToolsVersion="4.0" xmlns="http://schemas.microsoft.com/developer/msbuild/2003">
  <ItemGroup>
    <Filter Include="Source Files">
      <UniqueIdentifier>{7eb4e308-0d6a-4435-a464-ab5ab13bc5ed}</UniqueIdentifier>
      <Extensions>cpp;c;cxx;rc;def;r;odl;idl;hpj;bat</Extensions>
    </Filter>
    <Filter Include="Header Files">
      <UniqueIdentifier>{7cf08006-0e1e-46ff-ad9a-87bb445c1536}</UniqueIdentifier>
      <Extensions>h;hpp;hxx;hm;inl</Extensions>
    </Filter>
    <Filter Include="SDK">
      <UniqueIdentifier>{360754a5-9e04-467e-bf57-fde61c3a3410}</UniqueIdentifier>
    </Filter>
    <Filter Include="SDK\SDK Base">
      <UniqueIdentifier>{a235d32e-883a-4d2e-bf27-e8eadfdbf666}</UniqueIdentifier>
    </Filter>
    <Filter Include="Pawn Includes">
      <UniqueIdentifier>{3f559917-fcbd-4cd3-8136-8a7a769af465}</UniqueIdentifier>
    </Filter>
  </ItemGroup>
  <ItemGroup>
    <ClCompile Include="..\CMisc.cpp">
      <Filter>Source Files</Filter>
    </ClCompile>
    <ClCompile Include="..\CRank.cpp">
      <Filter>Source Files</Filter>
    </ClCompile>
    <ClCompile Include="..\meta_api.cpp">
      <Filter>Source Files</Filter>
    </ClCompile>
    <ClCompile Include="..\rank.cpp">
      <Filter>Source Files</Filter>
    </ClCompile>
    <ClCompile Include="..\usermsg.cpp">
      <Filter>Source Files</Filter>
    </ClCompile>
    <ClCompile Include="..\..\..\..\public\sdk\amxxmodule.cpp">
      <Filter>SDK\SDK Base</Filter>
    </ClCompile>
  </ItemGroup>
  <ItemGroup>
    <ClInclude Include="..\CMisc.h">
      <Filter>Header Files</Filter>
    </ClInclude>
    <ClInclude Include="..\CRank.h">
      <Filter>Header Files</Filter>
    </ClInclude>
    <ClInclude Include="..\rank.h">
      <Filter>Header Files</Filter>
    </ClInclude>
    <ClInclude Include="..\moduleconfig.h">
      <Filter>SDK</Filter>
    </ClInclude>
    <ClInclude Include="..\..\..\..\public\sdk\amxxmodule.h">
      <Filter>SDK\SDK Base</Filter>
    </ClInclude>
  </ItemGroup>
  <ItemGroup>
    <None Include="..\..\..\plugins\include\csstats.inc">
      <Filter>Pawn Includes</Filter>
    </None>
    <None Include="..\..\..\plugins\include\csx.inc">
      <Filter>Pawn Includes</Filter>
    </None>
  </ItemGroup>
</Project>