<?xml version="1.0" encoding="utf-8"?>
<Project ToolsVersion="4.0" xmlns="http://schemas.microsoft.com/developer/msbuild/2003">
  <ItemGroup>
    <Filter Include="Source Files">
      <UniqueIdentifier>{4FC737F1-C7A5-4376-A066-2A32D752A2FF}</UniqueIdentifier>
      <Extensions>cpp;c;cxx;def;odl;idl;hpj;bat;asm;asmx</Extensions>
    </Filter>
    <Filter Include="Header Files">
      <UniqueIdentifier>{93995380-89BD-4b04-88EB-625FBE52EBFB}</UniqueIdentifier>
      <Extensions>h;hpp;hxx;hm;inl;inc;xsd</Extensions>
    </Filter>
    <Filter Include="Threader">
      <UniqueIdentifier>{4dd9f741-116d-4a02-a132-3cfab02530db}</UniqueIdentifier>
    </Filter>
    <Filter Include="Threader\Source Files">
      <UniqueIdentifier>{27929344-5a05-4bb9-9cda-a27eb373d954}</UniqueIdentifier>
    </Filter>
    <Filter Include="Threader\Header Files">
      <UniqueIdentifier>{7633aa37-83c6-4e55-821f-0f02c47ab4f6}</UniqueIdentifier>
    </Filter>
    <Filter Include="Database">
      <UniqueIdentifier>{705fb714-2fe0-478c-9ae0-bd3566b4d2d0}</UniqueIdentifier>
    </Filter>
    <Filter Include="Database\Header Files">
      <UniqueIdentifier>{33a3d700-3b61-42fb-a808-7dd8cd92120e}</UniqueIdentifier>
    </Filter>
    <Filter Include="Database\Source Files">
      <UniqueIdentifier>{65b4ccbd-e7f7-4ddd-8d49-d059ff804f93}</UniqueIdentifier>
    </Filter>
    <Filter Include="Module SDK">
      <UniqueIdentifier>{15c62ca4-f448-4a1e-8277-9bee3e572408}</UniqueIdentifier>
    </Filter>
    <Filter Include="Module SDK\SDK Base">
      <UniqueIdentifier>{41c3be98-7cfc-4071-b7fd-be17c2ee7279}</UniqueIdentifier>
    </Filter>
    <Filter Include="Pawn Includes">
      <UniqueIdentifier>{05423057-6d62-454a-b5f8-b451d91be196}</UniqueIdentifier>
    </Filter>
    <Filter Include="Third Party">
      <UniqueIdentifier>{2753269b-35b5-4947-b0f3-806b3c39959a}</UniqueIdentifier>
    </Filter>
    <Filter Include="Third Party\Zlib">
      <UniqueIdentifier>{557b0e54-eb0e-488f-b8bc-3cee3f8ddfba}</UniqueIdentifier>
    </Filter>
  </ItemGroup>
  <ItemGroup>
    <ClCompile Include="..\basic_sql.cpp">
      <Filter>Source Files</Filter>
    </ClCompile>
    <ClCompile Include="..\handles.cpp">
      <Filter>Source Files</Filter>
    </ClCompile>
    <ClCompile Include="..\module.cpp">
      <Filter>Source Files</Filter>
    </ClCompile>
    <ClCompile Include="..\oldcompat_sql.cpp">
      <Filter>Source Files</Filter>
    </ClCompile>
    <ClCompile Include="..\threading.cpp">
      <Filter>Source Files</Filter>
    </ClCompile>
    <ClCompile Include="..\thread\BaseWorker.cpp">
      <Filter>Threader\Source Files</Filter>
    </ClCompile>
    <ClCompile Include="..\thread\ThreadWorker.cpp">
      <Filter>Threader\Source Files</Filter>
    </ClCompile>
    <ClCompile Include="..\thread\WinThreads.cpp">
      <Filter>Threader\Source Files</Filter>
    </ClCompile>
    <ClCompile Include="..\mysql\MysqlDatabase.cpp">
      <Filter>Database\Source Files</Filter>
    </ClCompile>
    <ClCompile Include="..\mysql\MysqlDriver.cpp">
      <Filter>Database\Source Files</Filter>
    </ClCompile>
    <ClCompile Include="..\mysql\MysqlQuery.cpp">
      <Filter>Database\Source Files</Filter>
    </ClCompile>
    <ClCompile Include="..\mysql\MysqlResultSet.cpp">
      <Filter>Database\Source Files</Filter>
    </ClCompile>
    <ClCompile Include="..\..\..\public\sdk\amxxmodule.cpp">
      <Filter>Module SDK\SDK Base</Filter>
    </ClCompile>
    <ClCompile Include="..\..\..\third_party\zlib\adler32.c">
      <Filter>Third Party\Zlib</Filter>
    </ClCompile>
    <ClCompile Include="..\..\..\third_party\zlib\compress.c">
      <Filter>Third Party\Zlib</Filter>
    </ClCompile>
    <ClCompile Include="..\..\..\third_party\zlib\crc32.c">
      <Filter>Third Party\Zlib</Filter>
    </ClCompile>
    <ClCompile Include="..\..\..\third_party\zlib\deflate.c">
      <Filter>Third Party\Zlib</Filter>
    </ClCompile>
    <ClCompile Include="..\..\..\third_party\zlib\gzclose.c">
      <Filter>Third Party\Zlib</Filter>
    </ClCompile>
    <ClCompile Include="..\..\..\third_party\zlib\gzlib.c">
      <Filter>Third Party\Zlib</Filter>
    </ClCompile>
    <ClCompile Include="..\..\..\third_party\zlib\gzread.c">
      <Filter>Third Party\Zlib</Filter>
    </ClCompile>
    <ClCompile Include="..\..\..\third_party\zlib\gzwrite.c">
      <Filter>Third Party\Zlib</Filter>
    </ClCompile>
    <ClCompile Include="..\..\..\third_party\zlib\infback.c">
      <Filter>Third Party\Zlib</Filter>
    </ClCompile>
    <ClCompile Include="..\..\..\third_party\zlib\inffast.c">
      <Filter>Third Party\Zlib</Filter>
    </ClCompile>
    <ClCompile Include="..\..\..\third_party\zlib\inflate.c">
      <Filter>Third Party\Zlib</Filter>
    </ClCompile>
    <ClCompile Include="..\..\..\third_party\zlib\inftrees.c">
      <Filter>Third Party\Zlib</Filter>
    </ClCompile>
    <ClCompile Include="..\..\..\third_party\zlib\trees.c">
      <Filter>Third Party\Zlib</Filter>
    </ClCompile>
    <ClCompile Include="..\..\..\third_party\zlib\uncompr.c">
      <Filter>Third Party\Zlib</Filter>
    </ClCompile>
    <ClCompile Include="..\..\..\third_party\zlib\zutil.c">
      <Filter>Third Party\Zlib</Filter>
    </ClCompile>
  </ItemGroup>
  <ItemGroup>
    <ClInclude Include="..\mysql2_header.h">
      <Filter>Header Files</Filter>
    </ClInclude>
    <ClInclude Include="..\sqlheaders.h">
      <Filter>Header Files</Filter>
    </ClInclude>
    <ClInclude Include="..\threading.h">
      <Filter>Header Files</Filter>
    </ClInclude>
    <ClInclude Include="..\thread\IThreader.h">
      <Filter>Threader</Filter>
    </ClInclude>
    <ClInclude Include="..\thread\BaseWorker.h">
      <Filter>Threader\Header Files</Filter>
    </ClInclude>
    <ClInclude Include="..\thread\ThreadSupport.h">
      <Filter>Threader\Header Files</Filter>
    </ClInclude>
    <ClInclude Include="..\thread\ThreadWorker.h">
      <Filter>Threader\Header Files</Filter>
    </ClInclude>
    <ClInclude Include="..\thread\WinThreads.h">
      <Filter>Threader\Header Files</Filter>
    </ClInclude>
    <ClInclude Include="..\mysql\ISQLDriver.h">
      <Filter>Database</Filter>
    </ClInclude>
    <ClInclude Include="..\mysql\MysqlDatabase.h">
      <Filter>Database\Header Files</Filter>
    </ClInclude>
    <ClInclude Include="..\mysql\MysqlDriver.h">
      <Filter>Database\Header Files</Filter>
    </ClInclude>
    <ClInclude Include="..\mysql\MysqlHeaders.h">
      <Filter>Database\Header Files</Filter>
    </ClInclude>
    <ClInclude Include="..\mysql\MysqlQuery.h">
      <Filter>Database\Header Files</Filter>
    </ClInclude>
    <ClInclude Include="..\mysql\MysqlResultSet.h">
      <Filter>Database\Header Files</Filter>
    </ClInclude>
    <ClInclude Include="..\moduleconfig.h">
      <Filter>Module SDK</Filter>
    </ClInclude>
    <ClInclude Include="..\..\..\public\sdk\amxxmodule.h">
      <Filter>Module SDK\SDK Base</Filter>
    </ClInclude>
    <ClInclude Include="..\..\..\third_party\zlib\crc32.h">
      <Filter>Third Party\Zlib</Filter>
    </ClInclude>
    <ClInclude Include="..\..\..\third_party\zlib\deflate.h">
      <Filter>Third Party\Zlib</Filter>
    </ClInclude>
    <ClInclude Include="..\..\..\third_party\zlib\gzguts.h">
      <Filter>Third Party\Zlib</Filter>
    </ClInclude>
    <ClInclude Include="..\..\..\third_party\zlib\inffast.h">
      <Filter>Third Party\Zlib</Filter>
    </ClInclude>
    <ClInclude Include="..\..\..\third_party\zlib\inffixed.h">
      <Filter>Third Party\Zlib</Filter>
    </ClInclude>
    <ClInclude Include="..\..\..\third_party\zlib\inflate.h">
      <Filter>Third Party\Zlib</Filter>
    </ClInclude>
    <ClInclude Include="..\..\..\third_party\zlib\inftrees.h">
      <Filter>Third Party\Zlib</Filter>
    </ClInclude>
    <ClInclude Include="..\..\..\third_party\zlib\trees.h">
      <Filter>Third Party\Zlib</Filter>
    </ClInclude>
    <ClInclude Include="..\..\..\third_party\zlib\zconf.h">
      <Filter>Third Party\Zlib</Filter>
    </ClInclude>
    <ClInclude Include="..\..\..\third_party\zlib\zlib.h">
      <Filter>Third Party\Zlib</Filter>
    </ClInclude>
    <ClInclude Include="..\..\..\third_party\zlib\zutil.h">
      <Filter>Third Party\Zlib</Filter>
    </ClInclude>
  </ItemGroup>
  <ItemGroup>
    <None Include="..\..\..\plugins\include\sqlx.inc">
      <Filter>Pawn Includes</Filter>
    </None>
  </ItemGroup>
</Project>