<?xml version="1.0" encoding="utf-8"?>
<Project ToolsVersion="4.0" xmlns="http://schemas.microsoft.com/developer/msbuild/2003">
  <ItemGroup>
    <Filter Include="Module SDK Base">
      <UniqueIdentifier>{6b6071a5-cd55-450d-886b-bd648fd948e9}</UniqueIdentifier>
    </Filter>
    <Filter Include="Source Files">
      <UniqueIdentifier>{4FC737F1-C7A5-4376-A066-2A32D752A2FF}</UniqueIdentifier>
      <Extensions>cpp;c;cc;cxx;def;odl;idl;hpj;bat;asm;asmx</Extensions>
    </Filter>
    <Filter Include="Pawn Includes">
      <UniqueIdentifier>{64585d5a-5be4-415f-a90c-339617dad18a}</UniqueIdentifier>
    </Filter>
    <Filter Include="Header Files">
      <UniqueIdentifier>{93995380-89BD-4b04-88EB-625FBE52EBFB}</UniqueIdentifier>
      <Extensions>h;hh;hpp;hxx;hm;inl;inc;xsd</Extensions>
    </Filter>
  </ItemGroup>
  <ItemGroup>
    <ClInclude Include="..\moduleconfig.h">
      <Filter>Module SDK Base</Filter>
    </ClInclude>
    <ClInclude Include="..\CPlayer.h">
      <Filter>Header Files</Filter>
    </ClInclude>
    <ClInclude Include="..\msghooking.h">
      <Filter>Header Files</Filter>
    </ClInclude>
    <ClInclude Include="..\weapinfo.h">
      <Filter>Header Files</Filter>
    </ClInclude>
    <ClInclude Include="..\misc.h">
      <Filter>Header Files</Filter>
    </ClInclude>
    <ClInclude Include="..\..\..\..\public\sdk\amxxmodule.h">
      <Filter>Module SDK Base</Filter>
    </ClInclude>
    <ClInclude Include="..\functions.h">
      <Filter>Header Files</Filter>
    </ClInclude>
    <ClInclude Include="..\gameinfo.h">
      <Filter>Header Files</Filter>
    </ClInclude>
  </ItemGroup>
  <ItemGroup>
    <ClCompile Include="..\CPlayer.cpp">
      <Filter>Source Files</Filter>
    </ClCompile>
    <ClCompile Include="..\main.cpp">
      <Filter>Source Files</Filter>
    </ClCompile>
    <ClCompile Include="..\msghooking.cpp">
      <Filter>Source Files</Filter>
    </ClCompile>
    <ClCompile Include="..\weapinfo.cpp">
      <Filter>Source Files</Filter>
    </ClCompile>
    <ClCompile Include="..\..\..\..\public\sdk\amxxmodule.cpp">
      <Filter>Module SDK Base</Filter>
    </ClCompile>
    <ClCompile Include="..\functions.cpp">
      <Filter>Source Files</Filter>
    </ClCompile>
    <ClCompile Include="..\gameinfo.cpp">
      <Filter>Source Files</Filter>
    </ClCompile>
  </ItemGroup>
  <ItemGroup>
    <None Include="..\..\..\..\plugins\include\tse.inc">
      <Filter>Pawn Includes</Filter>
    </None>
  </ItemGroup>
</Project>