Microsoft Visual Studio Solution File, Format Version 8.00
Project("{8BC9CEB8-8B4A-11D0-8D11-00A0C91BC942}") = "geoip", "geoip.vcproj", "{036FA046-A6BF-4D80-8986-71FDD1528B55}"
	ProjectSection(ProjectDependencies) = postProject
	EndProjectSection
EndProject
Global
	GlobalSection(SolutionConfiguration) = preSolution
		Debug = Debug
		Release = Release
	EndGlobalSection
	GlobalSection(ProjectDependencies) = postSolution
	EndGlobalSection
	GlobalSection(ProjectConfiguration) = postSolution
		{036FA046-A6BF-4D80-8986-71FDD1528B55}.Debug.ActiveCfg = Debug|Win32
		{036FA046-A6BF-4D80-8986-71FDD1528B55}.Debug.Build.0 = Debug|Win32
		{036FA046-A6BF-4D80-8986-71FDD1528B55}.Release.ActiveCfg = Release|Win32
		{036FA046-A6BF-4D80-8986-71FDD1528B55}.Release.Build.0 = Release|Win32
	EndGlobalSection
	GlobalSection(ExtensibilityGlobals) = postSolution
	EndGlobalSection
	GlobalSection(ExtensibilityAddIns) = postSolution
	EndGlobalSection
EndGlobal
