<?xml version="1.0" encoding="utf-8"?>
<Project ToolsVersion="4.0" xmlns="http://schemas.microsoft.com/developer/msbuild/2003">
  <ItemGroup>
    <Filter Include="Source Files">
      <UniqueIdentifier>{a09df8a4-fb19-4b63-b0ba-59083c7dfbce}</UniqueIdentifier>
      <Extensions>cpp;c;cxx;rc;def;r;odl;idl;hpj;bat</Extensions>
    </Filter>
    <Filter Include="Source Files\Natives">
      <UniqueIdentifier>{09c32fa1-30fa-482b-a470-1f9ac2904ffc}</UniqueIdentifier>
    </Filter>
    <Filter Include="Header Files">
      <UniqueIdentifier>{e619584d-fe78-4fa8-9b61-715f075c990c}</UniqueIdentifier>
      <Extensions>h;hpp;hxx;hm;inl</Extensions>
    </Filter>
    <Filter Include="Module SDK">
      <UniqueIdentifier>{d6f08195-ccd3-49f9-be66-8064cf182a41}</UniqueIdentifier>
    </Filter>
    <Filter Include="Module SDK\SDK Base">
      <UniqueIdentifier>{28f804b5-b177-4048-b0c6-36ba103593b9}</UniqueIdentifier>
    </Filter>
  </ItemGroup>
  <ItemGroup>
    <ClCompile Include="..\amxxapi.cpp">
      <Filter>Source Files</Filter>
    </ClCompile>
    <ClCompile Include="..\dllapi.cpp">
      <Filter>Source Files</Filter>
    </ClCompile>
    <ClCompile Include="..\engineapi.cpp">
      <Filter>Source Files</Filter>
    </ClCompile>
    <ClCompile Include="..\GameManager.cpp">
      <Filter>Source Files</Filter>
    </ClCompile>
    <ClCompile Include="..\MessageHandler.cpp">
      <Filter>Source Files</Filter>
    </ClCompile>
    <ClCompile Include="..\ParticleManager.cpp">
      <Filter>Source Files</Filter>
    </ClCompile>
    <ClCompile Include="..\TitleManager.cpp">
      <Filter>Source Files</Filter>
    </ClCompile>
    <ClCompile Include="..\utils.cpp">
      <Filter>Source Files</Filter>
    </ClCompile>
    <ClCompile Include="..\natives\general.cpp">
      <Filter>Source Files\Natives</Filter>
    </ClCompile>
    <ClCompile Include="..\natives\memberfuncs.cpp">
      <Filter>Source Files\Natives</Filter>
    </ClCompile>
    <ClCompile Include="..\natives\particles.cpp">
      <Filter>Source Files\Natives</Filter>
    </ClCompile>
    <ClCompile Include="..\natives\player.cpp">
      <Filter>Source Files\Natives</Filter>
    </ClCompile>
    <ClCompile Include="..\natives\player_memory.cpp">
      <Filter>Source Files\Natives</Filter>
    </ClCompile>
    <ClCompile Include="..\natives\structure.cpp">
      <Filter>Source Files\Natives</Filter>
    </ClCompile>
    <ClCompile Include="..\natives\weapons.cpp">
      <Filter>Source Files\Natives</Filter>
    </ClCompile>
    <ClCompile Include="..\..\..\public\sdk\amxxmodule.cpp">
      <Filter>Module SDK\SDK Base</Filter>
    </ClCompile>
  </ItemGroup>
  <ItemGroup>
    <ClInclude Include="..\AllocString.h">
      <Filter>Header Files</Filter>
    </ClInclude>
    <ClInclude Include="..\CPlayer.h">
      <Filter>Header Files</Filter>
    </ClInclude>
    <ClInclude Include="..\FastDelegate.h">
      <Filter>Header Files</Filter>
    </ClInclude>
    <ClInclude Include="..\GameManager.h">
      <Filter>Header Files</Filter>
    </ClInclude>
    <ClInclude Include="..\Hash.h">
      <Filter>Header Files</Filter>
    </ClInclude>
    <ClInclude Include="..\LocationManager.h">
      <Filter>Header Files</Filter>
    </ClInclude>
    <ClInclude Include="..\MessageHandler.h">
      <Filter>Header Files</Filter>
    </ClInclude>
    <ClInclude Include="..\NEW_Util.h">
      <Filter>Header Files</Filter>
    </ClInclude>
    <ClInclude Include="..\ns.h">
      <Filter>Header Files</Filter>
    </ClInclude>
    <ClInclude Include="..\ns_const.h">
      <Filter>Header Files</Filter>
    </ClInclude>
    <ClInclude Include="..\ParticleManager.h">
      <Filter>Header Files</Filter>
    </ClInclude>
    <ClInclude Include="..\SpawnManager.h">
      <Filter>Header Files</Filter>
    </ClInclude>
    <ClInclude Include="..\TitleManager.h">
      <Filter>Header Files</Filter>
    </ClInclude>
    <ClInclude Include="..\utilfunctions.h">
      <Filter>Header Files</Filter>
    </ClInclude>
    <ClInclude Include="..\..\..\public\sdk\amxxmodule.h">
      <Filter>Module SDK\SDK Base</Filter>
    </ClInclude>
    <ClInclude Include="..\moduleconfig.h">
      <Filter>Module SDK</Filter>
    </ClInclude>
  </ItemGroup>
</Project>