<?xml version="1.0" encoding="utf-8"?>
<Project ToolsVersion="4.0" xmlns="http://schemas.microsoft.com/developer/msbuild/2003">
  <ItemGroup>
    <Filter Include="Source Files">
      <UniqueIdentifier>{fee21ba3-ba57-4165-a636-f131192c35ed}</UniqueIdentifier>
      <Extensions>cpp;c;cxx;def;odl;idl;hpj;bat;asm</Extensions>
    </Filter>
    <Filter Include="Header Files">
      <UniqueIdentifier>{75726cf9-410b-4bb0-8258-e54d8a778fea}</UniqueIdentifier>
      <Extensions>h;hpp;hxx;hm;inl;inc</Extensions>
    </Filter>
    <Filter Include="Database">
      <UniqueIdentifier>{170198cf-e562-4903-bc68-4c3528e58f5f}</UniqueIdentifier>
    </Filter>
    <Filter Include="Database\Header Files">
      <UniqueIdentifier>{d27ed8de-c2a0-460f-a0f4-a9adcf9e549f}</UniqueIdentifier>
    </Filter>
    <Filter Include="Database\Source Files">
      <UniqueIdentifier>{55a33451-3931-4fac-ba8a-3be3b07d6a34}</UniqueIdentifier>
    </Filter>
    <Filter Include="Threader">
      <UniqueIdentifier>{cf870f84-b709-46d7-a30c-ae8f4c45de23}</UniqueIdentifier>
    </Filter>
    <Filter Include="Threader\Header Files">
      <UniqueIdentifier>{45cbffb2-fb23-4821-b89c-842ec027be01}</UniqueIdentifier>
    </Filter>
    <Filter Include="Threader\Source Files">
      <UniqueIdentifier>{5ef60ee3-dc5b-420f-a8b8-1ef24213fcf7}</UniqueIdentifier>
    </Filter>
    <Filter Include="SQLite Source">
      <UniqueIdentifier>{03fa14bf-6409-4ed7-bb07-da1b356b5076}</UniqueIdentifier>
    </Filter>
    <Filter Include="Module SDK">
      <UniqueIdentifier>{b24e595e-f6a9-4358-bbe3-094ef6383e53}</UniqueIdentifier>
    </Filter>
    <Filter Include="Module SDK\SDK Base">
      <UniqueIdentifier>{c60d3c45-e23b-4c5a-aae2-2c3c5441bac6}</UniqueIdentifier>
    </Filter>
    <Filter Include="Pawn Includes">
      <UniqueIdentifier>{e0a36119-bb5b-4f07-9e0e-80f9aa7a7d21}</UniqueIdentifier>
    </Filter>
  </ItemGroup>
  <ItemGroup>
    <ClCompile Include="..\basic_sql.cpp">
      <Filter>Source Files</Filter>
    </ClCompile>
    <ClCompile Include="..\handles.cpp">
      <Filter>Source Files</Filter>
    </ClCompile>
    <ClCompile Include="..\module.cpp">
      <Filter>Source Files</Filter>
    </ClCompile>
    <ClCompile Include="..\oldcompat_sql.cpp">
      <Filter>Source Files</Filter>
    </ClCompile>
    <ClCompile Include="..\threading.cpp">
      <Filter>Source Files</Filter>
    </ClCompile>
    <ClCompile Include="..\sqlitepp\SqliteDatabase.cpp">
      <Filter>Database\Source Files</Filter>
    </ClCompile>
    <ClCompile Include="..\sqlitepp\SqliteDriver.cpp">
      <Filter>Database\Source Files</Filter>
    </ClCompile>
    <ClCompile Include="..\sqlitepp\SqliteQuery.cpp">
      <Filter>Database\Source Files</Filter>
    </ClCompile>
    <ClCompile Include="..\sqlitepp\SqliteResultSet.cpp">
      <Filter>Database\Source Files</Filter>
    </ClCompile>
    <ClCompile Include="..\thread\BaseWorker.cpp">
      <Filter>Threader\Source Files</Filter>
    </ClCompile>
    <ClCompile Include="..\thread\ThreadWorker.cpp">
      <Filter>Threader\Source Files</Filter>
    </ClCompile>
    <ClCompile Include="..\thread\WinThreads.cpp">
      <Filter>Threader\Source Files</Filter>
    </ClCompile>
    <ClCompile Include="..\..\..\public\sdk\amxxmodule.cpp">
      <Filter>Module SDK\SDK Base</Filter>
    </ClCompile>
    <ClCompile Include="..\..\..\third_party\sqlite\sqlite3.c">
      <Filter>SQLite Source</Filter>
    </ClCompile>
  </ItemGroup>
  <ItemGroup>
    <ClInclude Include="..\sqlheaders.h">
      <Filter>Header Files</Filter>
    </ClInclude>
    <ClInclude Include="..\sqlite_header.h">
      <Filter>Header Files</Filter>
    </ClInclude>
    <ClInclude Include="..\threading.h">
      <Filter>Header Files</Filter>
    </ClInclude>
    <ClInclude Include="..\sqlitepp\ISQLDriver.h">
      <Filter>Database</Filter>
    </ClInclude>
    <ClInclude Include="..\sqlitepp\SqliteDatabase.h">
      <Filter>Database\Header Files</Filter>
    </ClInclude>
    <ClInclude Include="..\sqlitepp\SqliteDriver.h">
      <Filter>Database\Header Files</Filter>
    </ClInclude>
    <ClInclude Include="..\sqlitepp\SqliteHeaders.h">
      <Filter>Database\Header Files</Filter>
    </ClInclude>
    <ClInclude Include="..\sqlitepp\SqliteQuery.h">
      <Filter>Database\Header Files</Filter>
    </ClInclude>
    <ClInclude Include="..\sqlitepp\SqliteResultSet.h">
      <Filter>Database\Header Files</Filter>
    </ClInclude>
    <ClInclude Include="..\thread\BaseWorker.h">
      <Filter>Threader\Header Files</Filter>
    </ClInclude>
    <ClInclude Include="..\thread\IThreader.h">
      <Filter>Threader\Header Files</Filter>
    </ClInclude>
    <ClInclude Include="..\thread\PosixThreads.h">
      <Filter>Threader\Header Files</Filter>
    </ClInclude>
    <ClInclude Include="..\thread\ThreadSupport.h">
      <Filter>Threader\Header Files</Filter>
    </ClInclude>
    <ClInclude Include="..\thread\ThreadWorker.h">
      <Filter>Threader\Header Files</Filter>
    </ClInclude>
    <ClInclude Include="..\thread\WinThreads.h">
      <Filter>Threader\Header Files</Filter>
    </ClInclude>
    <ClInclude Include="..\..\..\public\sdk\amxxmodule.h">
      <Filter>Module SDK\SDK Base</Filter>
    </ClInclude>
    <ClInclude Include="..\moduleconfig.h">
      <Filter>Module SDK</Filter>
    </ClInclude>
    <ClInclude Include="..\..\..\third_party\sqlite\sqlite3.h">
      <Filter>SQLite Source</Filter>
    </ClInclude>
  </ItemGroup>
  <ItemGroup>
    <None Include="..\..\..\plugins\include\sqlx.inc">
      <Filter>Pawn Includes</Filter>
    </None>
  </ItemGroup>
</Project>