Microsoft Visual Studio Solution File, Format Version 8.00
Project("{8BC9CEB8-8B4A-11D0-8D11-00A0C91BC942}") = "fun_amx", "fun.vcproj", "{43B95C78-8D1A-4D12-B668-2520B38E1DA3}"
	ProjectSection(ProjectDependencies) = postProject
	EndProjectSection
EndProject
Global
	GlobalSection(SolutionConfiguration) = preSolution
		Debug = Debug
		Release = Release
	EndGlobalSection
	GlobalSection(ProjectDependencies) = postSolution
	EndGlobalSection
	GlobalSection(ProjectConfiguration) = postSolution
		{43B95C78-8D1A-4D12-B668-2520B38E1DA3}.Debug.ActiveCfg = Debug|Win32
		{43B95C78-8D1A-4D12-B668-2520B38E1DA3}.Debug.Build.0 = Debug|Win32
		{43B95C78-8D1A-4D12-B668-2520B38E1DA3}.Release.ActiveCfg = Release|Win32
		{43B95C78-8D1A-4D12-B668-2520B38E1DA3}.Release.Build.0 = Release|Win32
	EndGlobalSection
	GlobalSection(ExtensibilityGlobals) = postSolution
	EndGlobalSection
	GlobalSection(ExtensibilityAddIns) = postSolution
	EndGlobalSection
EndGlobal
