<?xml version="1.0" encoding="utf-8"?>
<Project ToolsVersion="4.0" xmlns="http://schemas.microsoft.com/developer/msbuild/2003">
  <ItemGroup>
    <Filter Include="Source Files">
      <UniqueIdentifier>{4FC737F1-C7A5-4376-A066-2A32D752A2FF}</UniqueIdentifier>
      <Extensions>cpp;c;cxx;def;odl;idl;hpj;bat;asm;asmx</Extensions>
    </Filter>
    <Filter Include="Header Files">
      <UniqueIdentifier>{93995380-89BD-4b04-88EB-625FBE52EBFB}</UniqueIdentifier>
      <Extensions>h;hpp;hxx;hm;inl;inc;xsd</Extensions>
    </Filter>
    <Filter Include="Module SDK">
      <UniqueIdentifier>{fb945ae1-3977-41e3-a51b-04242aff8c78}</UniqueIdentifier>
    </Filter>
    <Filter Include="Module SDK\SDK Base">
      <UniqueIdentifier>{aad49737-4d0e-4276-a471-dc77365bf9e0}</UniqueIdentifier>
    </Filter>
    <Filter Include="Pawn Includes">
      <UniqueIdentifier>{e7f2c5c2-cba9-4712-a576-ceb676c94b36}</UniqueIdentifier>
    </Filter>
    <Filter Include="Memtools">
      <UniqueIdentifier>{ca6abf66-eee2-4d06-813e-792d82d6e846}</UniqueIdentifier>
    </Filter>
    <Filter Include="Memtools\CDetour">
      <UniqueIdentifier>{59354b8c-0925-4d8b-bb2b-684f6638de6b}</UniqueIdentifier>
    </Filter>
    <Filter Include="Memtools\CDetour\asm">
      <UniqueIdentifier>{6c2c3c74-4dc3-45bf-b3a5-6224971eee69}</UniqueIdentifier>
    </Filter>
  </ItemGroup>
  <ItemGroup>
    <ClCompile Include="..\amxxapi.cpp">
      <Filter>Source Files</Filter>
    </ClCompile>
    <ClCompile Include="..\engine.cpp">
      <Filter>Source Files</Filter>
    </ClCompile>
    <ClCompile Include="..\entity.cpp">
      <Filter>Source Files</Filter>
    </ClCompile>
    <ClCompile Include="..\forwards.cpp">
      <Filter>Source Files</Filter>
    </ClCompile>
    <ClCompile Include="..\globals.cpp">
      <Filter>Source Files</Filter>
    </ClCompile>
    <ClCompile Include="..\..\..\public\sdk\amxxmodule.cpp">
      <Filter>Module SDK\SDK Base</Filter>
    </ClCompile>
    <ClCompile Include="..\..\..\public\memtools\MemoryUtils.cpp">
      <Filter>Memtools</Filter>
    </ClCompile>
    <ClCompile Include="..\..\..\public\memtools\CDetour\detours.cpp">
      <Filter>Memtools\CDetour</Filter>
    </ClCompile>
    <ClCompile Include="..\..\..\public\memtools\CDetour\asm\asm.c">
      <Filter>Memtools\CDetour\asm</Filter>
    </ClCompile>
  </ItemGroup>
  <ItemGroup>
    <ClInclude Include="..\engine.h">
      <Filter>Header Files</Filter>
    </ClInclude>
    <ClInclude Include="..\entity.h">
      <Filter>Header Files</Filter>
    </ClInclude>
    <ClInclude Include="..\gpglobals.h">
      <Filter>Header Files</Filter>
    </ClInclude>
    <ClInclude Include="..\moduleconfig.h">
      <Filter>Module SDK</Filter>
    </ClInclude>
    <ClInclude Include="..\..\..\public\sdk\amxxmodule.h">
      <Filter>Module SDK\SDK Base</Filter>
    </ClInclude>
    <ClInclude Include="..\..\..\public\memtools\MemoryUtils.h">
      <Filter>Memtools</Filter>
    </ClInclude>
    <ClInclude Include="..\..\..\public\memtools\CDetour\detourhelpers.h">
      <Filter>Memtools\CDetour</Filter>
    </ClInclude>
    <ClInclude Include="..\..\..\public\memtools\CDetour\detours.h">
      <Filter>Memtools\CDetour</Filter>
    </ClInclude>
    <ClInclude Include="..\..\..\public\memtools\CDetour\asm\asm.h">
      <Filter>Memtools\CDetour\asm</Filter>
    </ClInclude>
    <ClInclude Include="..\..\..\public\HLTypeConversion.h">
      <Filter>Header Files</Filter>
    </ClInclude>
  </ItemGroup>
  <ItemGroup>
    <None Include="..\..\..\plugins\include\engine.inc">
      <Filter>Pawn Includes</Filter>
    </None>
    <None Include="..\..\..\plugins\include\engine_const.inc">
      <Filter>Pawn Includes</Filter>
    </None>
    <None Include="..\..\..\plugins\include\engine_stocks.inc">
      <Filter>Pawn Includes</Filter>
    </None>
    <None Include="..\..\..\plugins\include\hlsdk_const.inc">
      <Filter>Pawn Includes</Filter>
    </None>
  </ItemGroup>
</Project>