<?xml version="1.0" encoding="utf-8"?>
<Project ToolsVersion="4.0" xmlns="http://schemas.microsoft.com/developer/msbuild/2003">
  <ItemGroup>
    <Filter Include="Source Files">
      <UniqueIdentifier>{ba21369e-bcde-48fa-8359-0c0a99f70e47}</UniqueIdentifier>
      <Extensions>cpp;c;cxx;rc;def;r;odl;idl;hpj;bat</Extensions>
    </Filter>
    <Filter Include="Header Files">
      <UniqueIdentifier>{dd59ac12-189c-4c0d-91a0-0b8fc9bc98d6}</UniqueIdentifier>
      <Extensions>h;hpp;hxx;hm;inl</Extensions>
    </Filter>
    <Filter Include="Module SDK">
      <UniqueIdentifier>{0531e0fa-dd77-46b3-862f-246a8f9f4142}</UniqueIdentifier>
    </Filter>
    <Filter Include="Module SDK\SDK Base">
      <UniqueIdentifier>{f90d9af9-d6c3-41b2-85e0-3302421924b1}</UniqueIdentifier>
    </Filter>
    <Filter Include="Pawn Includes">
      <UniqueIdentifier>{2256d296-4d3f-4321-8afb-8ff5dff8053f}</UniqueIdentifier>
    </Filter>
    <Filter Include="Memtools">
      <UniqueIdentifier>{d2522a66-df9f-49c8-9f74-ee3738ae3d98}</UniqueIdentifier>
    </Filter>
  </ItemGroup>
  <ItemGroup>
    <ClCompile Include="..\fun.cpp">
      <Filter>Source Files</Filter>
    </ClCompile>
    <ClCompile Include="..\..\..\public\sdk\amxxmodule.cpp">
      <Filter>Module SDK\SDK Base</Filter>
    </ClCompile>
    <ClCompile Include="..\..\..\public\memtools\MemoryUtils.cpp">
      <Filter>Memtools</Filter>
    </ClCompile>
  </ItemGroup>
  <ItemGroup>
    <ClInclude Include="..\fun.h">
      <Filter>Header Files</Filter>
    </ClInclude>
    <ClInclude Include="..\moduleconfig.h">
      <Filter>Module SDK</Filter>
    </ClInclude>
    <ClInclude Include="..\..\..\public\sdk\amxxmodule.h">
      <Filter>Module SDK\SDK Base</Filter>
    </ClInclude>
    <ClInclude Include="..\..\..\public\HLTypeConversion.h">
      <Filter>Header Files</Filter>
    </ClInclude>
    <ClInclude Include="..\..\..\public\memtools\MemoryUtils.h">
      <Filter>Memtools</Filter>
    </ClInclude>
  </ItemGroup>
  <ItemGroup>
    <None Include="..\..\..\plugins\include\fun.inc">
      <Filter>Pawn Includes</Filter>
    </None>
  </ItemGroup>
</Project>