<?xml version="1.0" encoding="utf-8"?>
<Project ToolsVersion="4.0" xmlns="http://schemas.microsoft.com/developer/msbuild/2003">
  <ItemGroup>
    <Filter Include="Source Files">
      <UniqueIdentifier>{4FC737F1-C7A5-4376-A066-2A32D752A2FF}</UniqueIdentifier>
      <Extensions>cpp;c;cxx;def;odl;idl;hpj;bat;asm;asmx</Extensions>
    </Filter>
    <Filter Include="Header Files">
      <UniqueIdentifier>{bbbfe9e0-f131-4ea2-ab5d-e1e647fe971d}</UniqueIdentifier>
      <Extensions>h;hpp;hxx;hm;inl;inc;xsd</Extensions>
    </Filter>
    <Filter Include="Engine Funcs">
      <UniqueIdentifier>{f9ab36af-ee07-4b74-89c4-241e4368e345}</UniqueIdentifier>
    </Filter>
    <Filter Include="PEV">
      <UniqueIdentifier>{e73c46ee-9f31-4845-9edb-0a99dada88f8}</UniqueIdentifier>
    </Filter>
    <Filter Include="Forwards">
      <UniqueIdentifier>{ac3972cf-c432-4412-958d-6ecba616e88d}</UniqueIdentifier>
    </Filter>
    <Filter Include="Globals">
      <UniqueIdentifier>{14135037-e6ef-477a-914a-d327d205b618}</UniqueIdentifier>
    </Filter>
    <Filter Include="Module SDK">
      <UniqueIdentifier>{8ac4a2a8-af79-4207-ba9c-911de9d010e0}</UniqueIdentifier>
    </Filter>
    <Filter Include="Module SDK\AMXX STL">
      <UniqueIdentifier>{0adc8b80-c155-4485-b120-f53f3d5720d6}</UniqueIdentifier>
    </Filter>
    <Filter Include="Module SDK\SDK Base">
      <UniqueIdentifier>{0344b160-2b56-480c-adda-7cd9f399a546}</UniqueIdentifier>
    </Filter>
    <Filter Include="Pawn Includes">
      <UniqueIdentifier>{65d8835f-89cd-44ab-b2ac-83617ab4d7b3}</UniqueIdentifier>
    </Filter>
    <Filter Include="Memtools">
      <UniqueIdentifier>{e1b28b22-6fde-4e1f-a982-f37dec584571}</UniqueIdentifier>
    </Filter>
  </ItemGroup>
  <ItemGroup>
    <ClCompile Include="..\fakemeta_amxx.cpp">
      <Filter>Source Files</Filter>
    </ClCompile>
    <ClCompile Include="..\fm_tr.cpp">
      <Filter>Source Files</Filter>
    </ClCompile>
    <ClCompile Include="..\fm_tr2.cpp">
      <Filter>Source Files</Filter>
    </ClCompile>
    <ClCompile Include="..\misc.cpp">
      <Filter>Source Files</Filter>
    </ClCompile>
    <ClCompile Include="..\pdata.cpp">
      <Filter>Source Files</Filter>
    </ClCompile>
    <ClCompile Include="..\dllfunc.cpp">
      <Filter>Engine Funcs</Filter>
    </ClCompile>
    <ClCompile Include="..\engfunc.cpp">
      <Filter>Engine Funcs</Filter>
    </ClCompile>
    <ClCompile Include="..\pev.cpp">
      <Filter>PEV</Filter>
    </ClCompile>
    <ClCompile Include="..\forward.cpp">
      <Filter>Forwards</Filter>
    </ClCompile>
    <ClCompile Include="..\glb.cpp">
      <Filter>Globals</Filter>
    </ClCompile>
    <ClCompile Include="..\..\..\public\sdk\amxxmodule.cpp">
      <Filter>Module SDK\SDK Base</Filter>
    </ClCompile>
    <ClCompile Include="..\..\..\public\memtools\MemoryUtils.cpp">
      <Filter>Memtools</Filter>
    </ClCompile>
    <ClCompile Include="..\pdata_entities.cpp">
      <Filter>Source Files</Filter>
    </ClCompile>
    <ClCompile Include="..\pdata_gamerules.cpp">
      <Filter>Source Files</Filter>
    </ClCompile>
  </ItemGroup>
  <ItemGroup>
    <ClInclude Include="..\fakemeta_amxx.h">
      <Filter>Header Files</Filter>
    </ClInclude>
    <ClInclude Include="..\fm_tr.h">
      <Filter>Header Files</Filter>
    </ClInclude>
    <ClInclude Include="..\dllfunc.h">
      <Filter>Engine Funcs</Filter>
    </ClInclude>
    <ClInclude Include="..\engfunc.h">
      <Filter>Engine Funcs</Filter>
    </ClInclude>
    <ClInclude Include="..\forward.h">
      <Filter>Forwards</Filter>
    </ClInclude>
    <ClInclude Include="..\forwardmacros.h">
      <Filter>Forwards</Filter>
    </ClInclude>
    <ClInclude Include="..\glb.h">
      <Filter>Globals</Filter>
    </ClInclude>
    <ClInclude Include="..\sdk\CString.h">
      <Filter>Module SDK\AMXX STL</Filter>
    </ClInclude>
    <ClInclude Include="..\sdk\CVector.h">
      <Filter>Module SDK\AMXX STL</Filter>
    </ClInclude>
    <ClInclude Include="..\moduleconfig.h">
      <Filter>Module SDK</Filter>
    </ClInclude>
    <ClInclude Include="..\..\..\public\sdk\amxxmodule.h">
      <Filter>Module SDK\SDK Base</Filter>
    </ClInclude>
    <ClInclude Include="..\..\..\public\HLTypeConversion.h">
      <Filter>Header Files</Filter>
    </ClInclude>
    <ClInclude Include="..\..\..\public\memtools\MemoryUtils.h">
      <Filter>Memtools</Filter>
    </ClInclude>
    <ClInclude Include="..\pdata_shared.h">
      <Filter>Header Files</Filter>
    </ClInclude>
  </ItemGroup>
  <ItemGroup>
    <None Include="..\..\..\plugins\include\fakemeta.inc">
      <Filter>Pawn Includes</Filter>
    </None>
    <None Include="..\..\..\plugins\include\fakemeta_const.inc">
      <Filter>Pawn Includes</Filter>
    </None>
    <None Include="..\..\..\plugins\include\fakemeta_stocks.inc">
      <Filter>Pawn Includes</Filter>
    </None>
    <None Include="..\..\..\plugins\include\hlsdk_const.inc">
      <Filter>Pawn Includes</Filter>
    </None>
  </ItemGroup>
  <ItemGroup>
    <CustomBuildStep Include="pev.h">
      <Filter>PEV</Filter>
    </CustomBuildStep>
  </ItemGroup>
</Project>