<?xml version="1.0" encoding="utf-8"?>
<Project ToolsVersion="4.0" xmlns="http://schemas.microsoft.com/developer/msbuild/2003">
  <ItemGroup>
    <Filter Include="Source Files">
      <UniqueIdentifier>{4FC737F1-C7A5-4376-A066-2A32D752A2FF}</UniqueIdentifier>
      <Extensions>cpp;c;cxx;def;odl;idl;hpj;bat;asm;asmx</Extensions>
    </Filter>
    <Filter Include="Header Files">
      <UniqueIdentifier>{93995380-89BD-4b04-88EB-625FBE52EBFB}</UniqueIdentifier>
      <Extensions>h;hpp;hxx;hm;inl;inc;xsd</Extensions>
    </Filter>
  </ItemGroup>
  <ItemGroup>
    <ClCompile Include="amx_compiler.cpp">
      <Filter>Source Files</Filter>
    </ClCompile>
    <ClCompile Include="amx_data.cpp">
      <Filter>Source Files</Filter>
    </ClCompile>
    <ClCompile Include="amx_define.cpp">
      <Filter>Source Files</Filter>
    </ClCompile>
    <ClCompile Include="amx_error.cpp">
      <Filter>Source Files</Filter>
    </ClCompile>
    <ClCompile Include="amx_label.cpp">
      <Filter>Source Files</Filter>
    </ClCompile>
    <ClCompile Include="amx_macro.cpp">
      <Filter>Source Files</Filter>
    </ClCompile>
    <ClCompile Include="amx_natives.cpp">
      <Filter>Source Files</Filter>
    </ClCompile>
    <ClCompile Include="amx_parser.cpp">
      <Filter>Source Files</Filter>
    </ClCompile>
    <ClCompile Include="amx_proc.cpp">
      <Filter>Source Files</Filter>
    </ClCompile>
    <ClCompile Include="amx_symbol.cpp">
      <Filter>Source Files</Filter>
    </ClCompile>
    <ClCompile Include="amxasm.cpp">
      <Filter>Source Files</Filter>
    </ClCompile>
    <ClCompile Include="cexpr.cpp">
      <Filter>Source Files</Filter>
    </ClCompile>
  </ItemGroup>
  <ItemGroup>
    <ClInclude Include="amx.h">
      <Filter>Header Files</Filter>
    </ClInclude>
    <ClInclude Include="amx_compiler.h">
      <Filter>Header Files</Filter>
    </ClInclude>
    <ClInclude Include="amx_data.h">
      <Filter>Header Files</Filter>
    </ClInclude>
    <ClInclude Include="amx_define.h">
      <Filter>Header Files</Filter>
    </ClInclude>
    <ClInclude Include="amx_error.h">
      <Filter>Header Files</Filter>
    </ClInclude>
    <ClInclude Include="amx_label.h">
      <Filter>Header Files</Filter>
    </ClInclude>
    <ClInclude Include="amx_macro.h">
      <Filter>Header Files</Filter>
    </ClInclude>
    <ClInclude Include="amx_nametable.h">
      <Filter>Header Files</Filter>
    </ClInclude>
    <ClInclude Include="amx_natives.h">
      <Filter>Header Files</Filter>
    </ClInclude>
    <ClInclude Include="amx_parser.h">
      <Filter>Header Files</Filter>
    </ClInclude>
    <ClInclude Include="amx_proc.h">
      <Filter>Header Files</Filter>
    </ClInclude>
    <ClInclude Include="amx_symbol.h">
      <Filter>Header Files</Filter>
    </ClInclude>
    <ClInclude Include="amxasm.h">
      <Filter>Header Files</Filter>
    </ClInclude>
    <ClInclude Include="cexpr.h">
      <Filter>Header Files</Filter>
    </ClInclude>
  </ItemGroup>
</Project>