
Microsoft Visual Studio Solution File, Format Version 12.00
# Visual Studio 2013
Project("{8BC9CEB8-8B4A-11D0-8D11-00A0C91BC942}") = "cstrike", "cstrike.vcxproj", "{AB148B92-4F47-42E6-8268-AB4E588EC6A2}"
EndProject
Global
	GlobalSection(SolutionConfigurationPlatforms) = preSolution
		Debug|Win32 = Debug|Win32
		Release|Win32 = Release|Win32
	EndGlobalSection
	GlobalSection(ProjectConfigurationPlatforms) = postSolution
		{AB148B92-4F47-42E6-8268-AB4E588EC6A2}.Debug|Win32.ActiveCfg = Debug|Win32
		{AB148B92-4F47-42E6-8268-AB4E588EC6A2}.Debug|Win32.Build.0 = Debug|Win32
		{AB148B92-4F47-42E6-8268-AB4E588EC6A2}.Release|Win32.ActiveCfg = Release|Win32
		{AB148B92-4F47-42E6-8268-AB4E588EC6A2}.Release|Win32.Build.0 = Release|Win32
	EndGlobalSection
	GlobalSection(SolutionProperties) = preSolution
		HideSolutionNode = FALSE
	EndGlobalSection
EndGlobal
