Microsoft Visual Studio Solution File, Format Version 8.00
Project("{8BC9CEB8-8B4A-11D0-8D11-00A0C91BC942}") = "amxmodx", "amxmodx_mm.vcproj", "{2BF64D1A-AC89-41B0-9D02-FB8CB610F850}"
	ProjectSection(ProjectDependencies) = postProject
	EndProjectSection
EndProject
Global
	GlobalSection(SolutionConfiguration) = preSolution
		Debug = Debug
		JITDebug = JITDebug
		JITMemtestRelease = JITMemtestRelease
		JITRelease = JITRelease
		MaximalSpeed = MaximalSpeed
		MemtestDebug = MemtestDebug
		MemtestRelease = MemtestRelease
		Release = Release
	EndGlobalSection
	GlobalSection(ProjectConfiguration) = postSolution
		{2BF64D1A-AC89-41B0-9D02-FB8CB610F850}.Debug.ActiveCfg = Debug|Win32
		{2BF64D1A-AC89-41B0-9D02-FB8CB610F850}.Debug.Build.0 = Debug|Win32
		{2BF64D1A-AC89-41B0-9D02-FB8CB610F850}.JITDebug.ActiveCfg = JITDebug|Win32
		{2BF64D1A-AC89-41B0-9D02-FB8CB610F850}.JITDebug.Build.0 = JITDebug|Win32
		{2BF64D1A-AC89-41B0-9D02-FB8CB610F850}.JITMemtestRelease.ActiveCfg = JITMemtestRelease|Win32
		{2BF64D1A-AC89-41B0-9D02-FB8CB610F850}.JITMemtestRelease.Build.0 = JITMemtestRelease|Win32
		{2BF64D1A-AC89-41B0-9D02-FB8CB610F850}.JITRelease.ActiveCfg = JITRelease|Win32
		{2BF64D1A-AC89-41B0-9D02-FB8CB610F850}.JITRelease.Build.0 = JITRelease|Win32
		{2BF64D1A-AC89-41B0-9D02-FB8CB610F850}.MaximalSpeed.ActiveCfg = MaximalSpeed|Win32
		{2BF64D1A-AC89-41B0-9D02-FB8CB610F850}.MaximalSpeed.Build.0 = MaximalSpeed|Win32
		{2BF64D1A-AC89-41B0-9D02-FB8CB610F850}.MemtestDebug.ActiveCfg = MemtestDebug|Win32
		{2BF64D1A-AC89-41B0-9D02-FB8CB610F850}.MemtestDebug.Build.0 = MemtestDebug|Win32
		{2BF64D1A-AC89-41B0-9D02-FB8CB610F850}.MemtestRelease.ActiveCfg = MemtestRelease|Win32
		{2BF64D1A-AC89-41B0-9D02-FB8CB610F850}.MemtestRelease.Build.0 = MemtestRelease|Win32
		{2BF64D1A-AC89-41B0-9D02-FB8CB610F850}.Release.ActiveCfg = Release|Win32
		{2BF64D1A-AC89-41B0-9D02-FB8CB610F850}.Release.Build.0 = Release|Win32
	EndGlobalSection
	GlobalSection(ExtensibilityGlobals) = postSolution
	EndGlobalSection
	GlobalSection(ExtensibilityAddIns) = postSolution
	EndGlobalSection
EndGlobal
