Microsoft Visual Studio Solution File, Format Version 8.00
Project("{8BC9CEB8-8B4A-11D0-8D11-00A0C91BC942}") = "amxmodx_mm", "amxmodx_mm.vcproj", "{7A2555A6-CBA6-4BD0-96AE-72DA57B995DF}"
	ProjectSection(ProjectDependencies) = postProject
	EndProjectSection
EndProject
Global
	GlobalSection(SolutionConfiguration) = preSolution
		Debug = Debug
		JITDebug = JITDebug
		JITRelease = JITRelease
		MemtestDebug = MemtestDebug
		MemtestRelease = MemtestRelease
		Release = Release
	EndGlobalSection
	GlobalSection(ProjectConfiguration) = postSolution
		{7A2555A6-CBA6-4BD0-96AE-72DA57B995DF}.Debug.ActiveCfg = Debug|Win32
		{7A2555A6-CBA6-4BD0-96AE-72DA57B995DF}.Debug.Build.0 = Debug|Win32
		{7A2555A6-CBA6-4BD0-96AE-72DA57B995DF}.JITDebug.ActiveCfg = JITDebug|Win32
		{7A2555A6-CBA6-4BD0-96AE-72DA57B995DF}.JITDebug.Build.0 = JITDebug|Win32
		{7A2555A6-CBA6-4BD0-96AE-72DA57B995DF}.JITRelease.ActiveCfg = JITRelease|Win32
		{7A2555A6-CBA6-4BD0-96AE-72DA57B995DF}.MemtestDebug.ActiveCfg = MemtestDebug|Win32
		{7A2555A6-CBA6-4BD0-96AE-72DA57B995DF}.MemtestDebug.Build.0 = MemtestDebug|Win32
		{7A2555A6-CBA6-4BD0-96AE-72DA57B995DF}.MemtestRelease.ActiveCfg = MemtestRelease|Win32
		{7A2555A6-CBA6-4BD0-96AE-72DA57B995DF}.MemtestRelease.Build.0 = MemtestRelease|Win32
		{7A2555A6-CBA6-4BD0-96AE-72DA57B995DF}.Release.ActiveCfg = Release|Win32
		{7A2555A6-CBA6-4BD0-96AE-72DA57B995DF}.Release.Build.0 = Release|Win32
	EndGlobalSection
	GlobalSection(ExtensibilityGlobals) = postSolution
	EndGlobalSection
	GlobalSection(ExtensibilityAddIns) = postSolution
	EndGlobalSection
EndGlobal
