Microsoft Visual Studio Solution File, Format Version 8.00
Project("{8BC9CEB8-8B4A-11D0-8D11-00A0C91BC942}") = "amxmodx_mm", "amxmodx_mm.vcproj", "{2FDEE868-4051-4918-81E9-5CBA63F3E785}"
	ProjectSection(ProjectDependencies) = postProject
	EndProjectSection
EndProject
Global
	GlobalSection(SolutionConfiguration) = preSolution
		Debug = Debug
		Release = Release
	EndGlobalSection
	GlobalSection(ProjectConfiguration) = postSolution
		{2FDEE868-4051-4918-81E9-5CBA63F3E785}.Debug.ActiveCfg = Debug|Win32
		{2FDEE868-4051-4918-81E9-5CBA63F3E785}.Debug.Build.0 = Debug|Win32
		{2FDEE868-4051-4918-81E9-5CBA63F3E785}.Release.ActiveCfg = Release|Win32
		{2FDEE868-4051-4918-81E9-5CBA63F3E785}.Release.Build.0 = Release|Win32
	EndGlobalSection
	GlobalSection(ExtensibilityGlobals) = postSolution
	EndGlobalSection
	GlobalSection(ExtensibilityAddIns) = postSolution
	EndGlobalSection
EndGlobal
