<?xml version="1.0" encoding="utf-8"?>
<Project ToolsVersion="4.0" xmlns="http://schemas.microsoft.com/developer/msbuild/2003">
  <ItemGroup>
    <Filter Include="Source Files">
      <UniqueIdentifier>{4FC737F1-C7A5-4376-A066-2A32D752A2FF}</UniqueIdentifier>
      <Extensions>cpp;c;cxx;def;odl;idl;hpj;bat;asm;asmx</Extensions>
    </Filter>
    <Filter Include="Header Files">
      <UniqueIdentifier>{93995380-89BD-4b04-88EB-625FBE52EBFB}</UniqueIdentifier>
      <Extensions>h;hpp;hxx;hm;inl;inc;xsd</Extensions>
    </Filter>
    <Filter Include="Module SDK">
      <UniqueIdentifier>{a6d73610-c960-4557-87c5-2d1b137ed3b3}</UniqueIdentifier>
    </Filter>
    <Filter Include="Module SDK\SDK Base">
      <UniqueIdentifier>{09aeab21-6873-491a-accf-e318d14c617d}</UniqueIdentifier>
    </Filter>
    <Filter Include="Pawn Includes">
      <UniqueIdentifier>{f31e7815-11bd-4a86-899e-43f85dfdc067}</UniqueIdentifier>
    </Filter>
    <Filter Include="GeoIP2">
      <UniqueIdentifier>{0bd4b9fb-f847-4fe5-af3e-9000fc854c5c}</UniqueIdentifier>
    </Filter>
  </ItemGroup>
  <ItemGroup>
    <ClCompile Include="..\geoip_util.cpp">
      <Filter>Source Files</Filter>
    </ClCompile>
    <ClCompile Include="..\geoip_main.cpp">
      <Filter>Source Files</Filter>
    </ClCompile>
    <ClCompile Include="..\geoip_natives.cpp">
      <Filter>Source Files</Filter>
    </ClCompile>
    <ClCompile Include="..\..\..\public\sdk\amxxmodule.cpp">
      <Filter>Module SDK\SDK Base</Filter>
    </ClCompile>
    <ClCompile Include="..\..\..\third_party\libmaxminddb\maxminddb.c">
      <Filter>GeoIP2</Filter>
    </ClCompile>
  </ItemGroup>
  <ItemGroup>
    <ClInclude Include="..\geoip_util.h">
      <Filter>Header Files</Filter>
    </ClInclude>
    <ClInclude Include="..\geoip_natives.h">
      <Filter>Header Files</Filter>
    </ClInclude>
    <ClInclude Include="..\geoip_main.h">
      <Filter>Header Files</Filter>
    </ClInclude>
    <ClInclude Include="..\moduleconfig.h">
      <Filter>Module SDK</Filter>
    </ClInclude>
    <ClInclude Include="..\..\..\public\sdk\amxxmodule.h">
      <Filter>Module SDK\SDK Base</Filter>
    </ClInclude>
    <ClInclude Include="..\..\..\third_party\libmaxminddb\maxminddb.h">
      <Filter>GeoIP2</Filter>
    </ClInclude>
    <ClInclude Include="..\..\..\third_party\libmaxminddb\maxminddb_config.h">
      <Filter>GeoIP2</Filter>
    </ClInclude>
    <ClInclude Include="..\..\..\third_party\libmaxminddb\maxminddb-compat-util.h">
      <Filter>GeoIP2</Filter>
    </ClInclude>
  </ItemGroup>
  <ItemGroup>
    <None Include="..\..\..\plugins\include\geoip.inc">
      <Filter>Pawn Includes</Filter>
    </None>
  </ItemGroup>
</Project>