<?xml version="1.0" encoding="utf-8"?>
<Project ToolsVersion="4.0" xmlns="http://schemas.microsoft.com/developer/msbuild/2003">
  <ItemGroup>
    <Filter Include="Source Files">
      <UniqueIdentifier>{e351fd6e-ca57-4372-a9b0-70a72d603662}</UniqueIdentifier>
      <Extensions>cpp;c;cxx;rc;def;r;odl;idl;hpj;bat</Extensions>
    </Filter>
    <Filter Include="Header Files">
      <UniqueIdentifier>{da2b311a-37af-4d33-8a3f-533cb2f6d93a}</UniqueIdentifier>
      <Extensions>h;hpp;hxx;hm;inl</Extensions>
    </Filter>
    <Filter Include="Module SDK">
      <UniqueIdentifier>{6d2ba41b-56a1-4768-913b-93f937195ac7}</UniqueIdentifier>
    </Filter>
    <Filter Include="Module SDK\SDK Base">
      <UniqueIdentifier>{6752d054-aa0a-4fed-a669-d40513172473}</UniqueIdentifier>
    </Filter>
    <Filter Include="Pawn Includes">
      <UniqueIdentifier>{2deb0e1f-fb04-4734-ae4a-39fa3d4eab86}</UniqueIdentifier>
    </Filter>
  </ItemGroup>
  <ItemGroup>
    <ClCompile Include="..\CMisc.cpp">
      <Filter>Source Files</Filter>
    </ClCompile>
    <ClCompile Include="..\moduleconfig.cpp">
      <Filter>Source Files</Filter>
    </ClCompile>
    <ClCompile Include="..\NBase.cpp">
      <Filter>Source Files</Filter>
    </ClCompile>
    <ClCompile Include="..\NPD.cpp">
      <Filter>Source Files</Filter>
    </ClCompile>
    <ClCompile Include="..\usermsg.cpp">
      <Filter>Source Files</Filter>
    </ClCompile>
    <ClCompile Include="..\Utils.cpp">
      <Filter>Source Files</Filter>
    </ClCompile>
    <ClCompile Include="..\..\..\..\public\sdk\amxxmodule.cpp">
      <Filter>Module SDK\SDK Base</Filter>
    </ClCompile>
  </ItemGroup>
  <ItemGroup>
    <ClInclude Include="..\CMisc.h">
      <Filter>Header Files</Filter>
    </ClInclude>
    <ClInclude Include="..\dodfun.h">
      <Filter>Header Files</Filter>
    </ClInclude>
    <ClInclude Include="..\moduleconfig.h">
      <Filter>Module SDK</Filter>
    </ClInclude>
    <ClInclude Include="..\..\..\..\public\sdk\amxxmodule.h">
      <Filter>Module SDK\SDK Base</Filter>
    </ClInclude>
  </ItemGroup>
  <ItemGroup>
    <None Include="..\..\..\..\plugins\include\dodconst.inc">
      <Filter>Pawn Includes</Filter>
    </None>
    <None Include="..\..\..\..\plugins\include\dodfun.inc">
      <Filter>Pawn Includes</Filter>
    </None>
  </ItemGroup>
</Project>