Microsoft Visual Studio Solution File, Format Version 8.00
Project("{8BC9CEB8-8B4A-11D0-8D11-00A0C91BC942}") = "bb", "bb.vcproj", "{29798873-02F2-4075-AFE7-58CE8F9B5124}"
	ProjectSection(ProjectDependencies) = postProject
	EndProjectSection
EndProject
Global
	GlobalSection(SolutionConfiguration) = preSolution
		Debug = Debug
		Release = Release
	EndGlobalSection
	GlobalSection(ProjectConfiguration) = postSolution
		{29798873-02F2-4075-AFE7-58CE8F9B5124}.Debug.ActiveCfg = Debug|Win32
		{29798873-02F2-4075-AFE7-58CE8F9B5124}.Debug.Build.0 = Debug|Win32
		{29798873-02F2-4075-AFE7-58CE8F9B5124}.Release.ActiveCfg = Release|Win32
		{29798873-02F2-4075-AFE7-58CE8F9B5124}.Release.Build.0 = Release|Win32
	EndGlobalSection
	GlobalSection(ExtensibilityGlobals) = postSolution
	EndGlobalSection
	GlobalSection(ExtensibilityAddIns) = postSolution
	EndGlobalSection
EndGlobal
