Microsoft Visual Studio Solution File, Format Version 8.00
Project("{8BC9CEB8-8B4A-11D0-8D11-00A0C91BC942}") = "csx", "csx.vcproj", "{1DC4A99A-F23F-4AAE-881C-79D157C91155}"
	ProjectSection(ProjectDependencies) = postProject
	EndProjectSection
EndProject
Project("{8BC9CEB8-8B4A-11D0-8D11-00A0C91BC942}") = "WinCSX", "..\WinCSX\WinCSX.vcproj", "{39A1E5DD-81A1-441D-B99A-E50A01DB05D7}"
	ProjectSection(ProjectDependencies) = postProject
	EndProjectSection
EndProject
Global
	GlobalSection(SolutionConfiguration) = preSolution
		Debug = Debug
		Release = Release
	EndGlobalSection
	GlobalSection(ProjectConfiguration) = postSolution
		{1DC4A99A-F23F-4AAE-881C-79D157C91155}.Debug.ActiveCfg = Debug|Win32
		{1DC4A99A-F23F-4AAE-881C-79D157C91155}.Debug.Build.0 = Debug|Win32
		{1DC4A99A-F23F-4AAE-881C-79D157C91155}.Release.ActiveCfg = Release|Win32
		{1DC4A99A-F23F-4AAE-881C-79D157C91155}.Release.Build.0 = Release|Win32
		{39A1E5DD-81A1-441D-B99A-E50A01DB05D7}.Debug.ActiveCfg = Debug|Win32
		{39A1E5DD-81A1-441D-B99A-E50A01DB05D7}.Debug.Build.0 = Debug|Win32
		{39A1E5DD-81A1-441D-B99A-E50A01DB05D7}.Release.ActiveCfg = Release|Win32
		{39A1E5DD-81A1-441D-B99A-E50A01DB05D7}.Release.Build.0 = Release|Win32
	EndGlobalSection
	GlobalSection(ExtensibilityGlobals) = postSolution
	EndGlobalSection
	GlobalSection(ExtensibilityAddIns) = postSolution
	EndGlobalSection
EndGlobal
