<?xml version="1.0" encoding="utf-8"?>
<Project ToolsVersion="4.0" xmlns="http://schemas.microsoft.com/developer/msbuild/2003">
  <ItemGroup>
    <Filter Include="Source Files">
      <UniqueIdentifier>{0d31fe96-c452-4d62-8c7c-0f0f8d69efa8}</UniqueIdentifier>
      <Extensions>cpp;c;cxx;rc;def;r;odl;idl;hpj;bat</Extensions>
    </Filter>
    <Filter Include="Header Files">
      <UniqueIdentifier>{6e1c49c6-6432-4873-bb9a-9d30996955b2}</UniqueIdentifier>
      <Extensions>h;hpp;hxx;hm;inl</Extensions>
    </Filter>
    <Filter Include="Resource Files">
      <UniqueIdentifier>{721333c3-98b9-4888-a3ec-637a2bd46091}</UniqueIdentifier>
      <Extensions>rc</Extensions>
    </Filter>
    <Filter Include="Assembly">
      <UniqueIdentifier>{e347f4b5-ec94-43d6-b45b-85ab3f146a45}</UniqueIdentifier>
    </Filter>
    <Filter Include="Assembly\Builds">
      <UniqueIdentifier>{1cec296a-ddcc-44da-97c4-2a4d0f4d6fc7}</UniqueIdentifier>
    </Filter>
    <Filter Include="SDK">
      <UniqueIdentifier>{bbfaec3e-7d17-45ea-8b84-093fa5714022}</UniqueIdentifier>
    </Filter>
    <Filter Include="Pawn Includes">
      <UniqueIdentifier>{4022451d-eb5f-4f14-b8d8-2ce23fec6e59}</UniqueIdentifier>
    </Filter>
  </ItemGroup>
  <ItemGroup>
    <ClCompile Include="..\amx.cpp">
      <Filter>Source Files</Filter>
    </ClCompile>
    <ClCompile Include="..\amxcore.cpp">
      <Filter>Source Files</Filter>
    </ClCompile>
    <ClCompile Include="..\amxdbg.cpp">
      <Filter>Source Files</Filter>
    </ClCompile>
    <ClCompile Include="..\amxmodx.cpp">
      <Filter>Source Files</Filter>
    </ClCompile>
    <ClCompile Include="..\amxtime.cpp">
      <Filter>Source Files</Filter>
    </ClCompile>
    <ClCompile Include="..\amxxfile.cpp">
      <Filter>Source Files</Filter>
    </ClCompile>
    <ClCompile Include="..\amxxlog.cpp">
      <Filter>Source Files</Filter>
    </ClCompile>
    <ClCompile Include="..\binlog.cpp">
      <Filter>Source Files</Filter>
    </ClCompile>
    <ClCompile Include="..\CCmd.cpp">
      <Filter>Source Files</Filter>
    </ClCompile>
    <ClCompile Include="..\CEvent.cpp">
      <Filter>Source Files</Filter>
    </ClCompile>
    <ClCompile Include="..\CFile.cpp">
      <Filter>Source Files</Filter>
    </ClCompile>
    <ClCompile Include="..\CFlagManager.cpp">
      <Filter>Source Files</Filter>
    </ClCompile>
    <ClCompile Include="..\CForward.cpp">
      <Filter>Source Files</Filter>
    </ClCompile>
    <ClCompile Include="..\CLang.cpp">
      <Filter>Source Files</Filter>
    </ClCompile>
    <ClCompile Include="..\CLogEvent.cpp">
      <Filter>Source Files</Filter>
    </ClCompile>
    <ClCompile Include="..\CMenu.cpp">
      <Filter>Source Files</Filter>
    </ClCompile>
    <ClCompile Include="..\CMisc.cpp">
      <Filter>Source Files</Filter>
    </ClCompile>
    <ClCompile Include="..\CModule.cpp">
      <Filter>Source Files</Filter>
    </ClCompile>
    <ClCompile Include="..\CPlugin.cpp">
      <Filter>Source Files</Filter>
    </ClCompile>
    <ClCompile Include="..\CTask.cpp">
      <Filter>Source Files</Filter>
    </ClCompile>
    <ClCompile Include="..\CVault.cpp">
      <Filter>Source Files</Filter>
    </ClCompile>
    <ClCompile Include="..\debugger.cpp">
      <Filter>Source Files</Filter>
    </ClCompile>
    <ClCompile Include="..\emsg.cpp">
      <Filter>Source Files</Filter>
    </ClCompile>
    <ClCompile Include="..\fakemeta.cpp">
      <Filter>Source Files</Filter>
    </ClCompile>
    <ClCompile Include="..\file.cpp">
      <Filter>Source Files</Filter>
    </ClCompile>
    <ClCompile Include="..\float.cpp">
      <Filter>Source Files</Filter>
    </ClCompile>
    <ClCompile Include="..\format.cpp">
      <Filter>Source Files</Filter>
    </ClCompile>
    <ClCompile Include="..\libraries.cpp">
      <Filter>Source Files</Filter>
    </ClCompile>
    <ClCompile Include="..\md5.cpp">
      <Filter>Source Files</Filter>
    </ClCompile>
    <ClCompile Include="..\messages.cpp">
      <Filter>Source Files</Filter>
    </ClCompile>
    <ClCompile Include="..\meta_api.cpp">
      <Filter>Source Files</Filter>
    </ClCompile>
    <ClCompile Include="..\modules.cpp">
      <Filter>Source Files</Filter>
    </ClCompile>
    <ClCompile Include="..\natives.cpp">
      <Filter>Source Files</Filter>
    </ClCompile>
    <ClCompile Include="..\newmenus.cpp">
      <Filter>Source Files</Filter>
    </ClCompile>
    <ClCompile Include="..\nongpl_matches.cpp">
      <Filter>Source Files</Filter>
    </ClCompile>
    <ClCompile Include="..\optimizer.cpp">
      <Filter>Source Files</Filter>
    </ClCompile>
    <ClCompile Include="..\power.cpp">
      <Filter>Source Files</Filter>
    </ClCompile>
    <ClCompile Include="..\sorting.cpp">
      <Filter>Source Files</Filter>
    </ClCompile>
    <ClCompile Include="..\srvcmd.cpp">
      <Filter>Source Files</Filter>
    </ClCompile>
    <ClCompile Include="..\string.cpp">
      <Filter>Source Files</Filter>
    </ClCompile>
    <ClCompile Include="..\strptime.cpp">
      <Filter>Source Files</Filter>
    </ClCompile>
    <ClCompile Include="..\trie_natives.cpp">
      <Filter>Source Files</Filter>
    </ClCompile>
    <ClCompile Include="..\util.cpp">
      <Filter>Source Files</Filter>
    </ClCompile>
    <ClCompile Include="..\vault.cpp">
      <Filter>Source Files</Filter>
    </ClCompile>
    <ClCompile Include="..\vector.cpp">
      <Filter>Source Files</Filter>
    </ClCompile>
    <ClCompile Include="..\sdk\amxxmodule.cpp">
      <Filter>SDK</Filter>
    </ClCompile>
    <ClCompile Include="..\datastructs.cpp">
      <Filter>Source Files</Filter>
    </ClCompile>
    <ClCompile Include="..\CDataPack.cpp">
      <Filter>Source Files</Filter>
    </ClCompile>
    <ClCompile Include="..\datapacks.cpp">
      <Filter>Source Files</Filter>
    </ClCompile>
  </ItemGroup>
  <ItemGroup>
    <ClInclude Include="..\amx.h">
      <Filter>Header Files</Filter>
    </ClInclude>
    <ClInclude Include="..\amxdbg.h">
      <Filter>Header Files</Filter>
    </ClInclude>
    <ClInclude Include="..\amxmodx.h">
      <Filter>Header Files</Filter>
    </ClInclude>
    <ClInclude Include="..\amxxfile.h">
      <Filter>Header Files</Filter>
    </ClInclude>
    <ClInclude Include="..\amxxlog.h">
      <Filter>Header Files</Filter>
    </ClInclude>
    <ClInclude Include="..\binlog.h">
      <Filter>Header Files</Filter>
    </ClInclude>
    <ClInclude Include="..\CCmd.h">
      <Filter>Header Files</Filter>
    </ClInclude>
    <ClInclude Include="..\CEvent.h">
      <Filter>Header Files</Filter>
    </ClInclude>
    <ClInclude Include="..\CFile.h">
      <Filter>Header Files</Filter>
    </ClInclude>
    <ClInclude Include="..\CFlagManager.h">
      <Filter>Header Files</Filter>
    </ClInclude>
    <ClInclude Include="..\CForward.h">
      <Filter>Header Files</Filter>
    </ClInclude>
    <ClInclude Include="..\CLang.h">
      <Filter>Header Files</Filter>
    </ClInclude>
    <ClInclude Include="..\CList.h">
      <Filter>Header Files</Filter>
    </ClInclude>
    <ClInclude Include="..\CLogEvent.h">
      <Filter>Header Files</Filter>
    </ClInclude>
    <ClInclude Include="..\CMenu.h">
      <Filter>Header Files</Filter>
    </ClInclude>
    <ClInclude Include="..\CMisc.h">
      <Filter>Header Files</Filter>
    </ClInclude>
    <ClInclude Include="..\CModule.h">
      <Filter>Header Files</Filter>
    </ClInclude>
    <ClInclude Include="..\CPlugin.h">
      <Filter>Header Files</Filter>
    </ClInclude>
    <ClInclude Include="..\CQueue.h">
      <Filter>Header Files</Filter>
    </ClInclude>
    <ClInclude Include="..\CString.h">
      <Filter>Header Files</Filter>
    </ClInclude>
    <ClInclude Include="..\CTask.h">
      <Filter>Header Files</Filter>
    </ClInclude>
    <ClInclude Include="..\CVault.h">
      <Filter>Header Files</Filter>
    </ClInclude>
    <ClInclude Include="..\CVector.h">
      <Filter>Header Files</Filter>
    </ClInclude>
    <ClInclude Include="..\datastructs.h">
      <Filter>Header Files</Filter>
    </ClInclude>
    <ClInclude Include="..\debugger.h">
      <Filter>Header Files</Filter>
    </ClInclude>
    <ClInclude Include="..\fakemeta.h">
      <Filter>Header Files</Filter>
    </ClInclude>
    <ClInclude Include="..\format.h">
      <Filter>Header Files</Filter>
    </ClInclude>
    <ClInclude Include="..\libraries.h">
      <Filter>Header Files</Filter>
    </ClInclude>
    <ClInclude Include="..\md5.h">
      <Filter>Header Files</Filter>
    </ClInclude>
    <ClInclude Include="..\messages.h">
      <Filter>Header Files</Filter>
    </ClInclude>
    <ClInclude Include="..\modules.h">
      <Filter>Header Files</Filter>
    </ClInclude>
    <ClInclude Include="..\natives.h">
      <Filter>Header Files</Filter>
    </ClInclude>
    <ClInclude Include="..\newmenus.h">
      <Filter>Header Files</Filter>
    </ClInclude>
    <ClInclude Include="..\nongpl_matches.h">
      <Filter>Header Files</Filter>
    </ClInclude>
    <ClInclude Include="..\optimizer.h">
      <Filter>Header Files</Filter>
    </ClInclude>
    <ClInclude Include="..\resource.h">
      <Filter>Header Files</Filter>
    </ClInclude>
    <ClInclude Include="..\sh_list.h">
      <Filter>Header Files</Filter>
    </ClInclude>
    <ClInclude Include="..\sh_stack.h">
      <Filter>Header Files</Filter>
    </ClInclude>
    <ClInclude Include="..\sh_tinyhash.h">
      <Filter>Header Files</Filter>
    </ClInclude>
    <ClInclude Include="..\svn_version.h">
      <Filter>Header Files</Filter>
    </ClInclude>
    <ClInclude Include="..\trie_natives.h">
      <Filter>Header Files</Filter>
    </ClInclude>
    <ClInclude Include="..\zlib\zconf.h">
      <Filter>Header Files</Filter>
    </ClInclude>
    <ClInclude Include="..\zlib\zlib.h">
      <Filter>Header Files</Filter>
    </ClInclude>
    <ClInclude Include="..\sdk\amxxmodule.h">
      <Filter>SDK</Filter>
    </ClInclude>
    <ClInclude Include="..\sdk\moduleconfig.h">
      <Filter>SDK</Filter>
    </ClInclude>
    <ClInclude Include="..\CDataPack.h">
      <Filter>Header Files</Filter>
    </ClInclude>
  </ItemGroup>
  <ItemGroup>
    <ResourceCompile Include="..\version.rc">
      <Filter>Resource Files</Filter>
    </ResourceCompile>
  </ItemGroup>
  <ItemGroup>
    <None Include="..\amxdefn.asm">
      <Filter>Assembly</Filter>
    </None>
    <None Include="..\amxexecn.asm">
      <Filter>Assembly</Filter>
    </None>
    <None Include="..\amxjitsn.asm">
      <Filter>Assembly</Filter>
    </None>
    <None Include="..\helpers-x86.asm">
      <Filter>Assembly</Filter>
    </None>
    <None Include="..\natives-amd64.asm">
      <Filter>Assembly</Filter>
    </None>
    <None Include="..\natives-x86.asm">
      <Filter>Assembly</Filter>
    </None>
    <None Include="..\..\plugins\include\amxconst.inc">
      <Filter>Pawn Includes</Filter>
    </None>
    <None Include="..\..\plugins\include\amxmisc.inc">
      <Filter>Pawn Includes</Filter>
    </None>
    <None Include="..\..\plugins\include\amxmodx.inc">
      <Filter>Pawn Includes</Filter>
    </None>
    <None Include="..\..\plugins\include\amxmodx_version.inc">
      <Filter>Pawn Includes</Filter>
    </None>
    <None Include="..\..\plugins\include\core.inc">
      <Filter>Pawn Includes</Filter>
    </None>
    <None Include="..\..\plugins\include\file.inc">
      <Filter>Pawn Includes</Filter>
    </None>
    <None Include="..\..\plugins\include\float.inc">
      <Filter>Pawn Includes</Filter>
    </None>
    <None Include="..\..\plugins\include\lang.inc">
      <Filter>Pawn Includes</Filter>
    </None>
    <None Include="..\..\plugins\include\message_const.inc">
      <Filter>Pawn Includes</Filter>
    </None>
    <None Include="..\..\plugins\include\message_stocks.inc">
      <Filter>Pawn Includes</Filter>
    </None>
    <None Include="..\..\plugins\include\messages.inc">
      <Filter>Pawn Includes</Filter>
    </None>
    <None Include="..\..\plugins\include\sorting.inc">
      <Filter>Pawn Includes</Filter>
    </None>
    <None Include="..\..\plugins\include\string.inc">
      <Filter>Pawn Includes</Filter>
    </None>
    <None Include="..\..\plugins\include\time.inc">
      <Filter>Pawn Includes</Filter>
    </None>
    <None Include="..\..\plugins\include\vault.inc">
      <Filter>Pawn Includes</Filter>
    </None>
    <None Include="..\..\plugins\include\vector.inc">
      <Filter>Pawn Includes</Filter>
    </None>
    <None Include="..\..\plugins\include\xs.inc">
      <Filter>Pawn Includes</Filter>
    </None>
    <None Include="..\..\plugins\include\cellarray.inc">
      <Filter>Pawn Includes</Filter>
    </None>
    <None Include="..\..\plugins\include\celltrie.inc">
      <Filter>Pawn Includes</Filter>
    </None>
    <None Include="..\..\plugins\include\datapack.inc">
      <Filter>Pawn Includes</Filter>
    </None>
  </ItemGroup>
  <ItemGroup>
    <Object Include="..\Jit\helpers-x86.obj">
      <Filter>Assembly\Builds</Filter>
    </Object>
  </ItemGroup>
</Project>